// !$*UTF8*$!
{
	archiveVersion = 1;
	classes = {
	};
	objectVersion = 56;
	objects = {

/* Begin PBXBuildFile section */
		552FE1742B6118DE00A4F568 /* ProfileSettingViewContorller.swift in Sources */ = {isa = PBXBuildFile; fileRef = 552FE1732B6118DE00A4F568 /* ProfileSettingViewContorller.swift */; };
		552FE1772B611C1000A4F568 /* KakaoSDK in Frameworks */ = {isa = PBXBuildFile; productRef = 552FE1762B611C1000A4F568 /* KakaoSDK */; };
		552FE1792B611C1000A4F568 /* KakaoSDKAuth in Frameworks */ = {isa = PBXBuildFile; productRef = 552FE1782B611C1000A4F568 /* KakaoSDKAuth */; };
		552FE17B2B611C1000A4F568 /* KakaoSDKUser in Frameworks */ = {isa = PBXBuildFile; productRef = 552FE17A2B611C1000A4F568 /* KakaoSDKUser */; };
		554412902B608CA9001B8CBA /* LoginViewController.swift in Sources */ = {isa = PBXBuildFile; fileRef = 5544128F2B608CA9001B8CBA /* LoginViewController.swift */; };
		557F3EA22B60983A007C7247 /* Button+Extension.swift in Sources */ = {isa = PBXBuildFile; fileRef = 557F3EA12B60983A007C7247 /* Button+Extension.swift */; };
		BF7209BB2B5F8BCB001D76CB /* AppDelegate.swift in Sources */ = {isa = PBXBuildFile; fileRef = BF7209BA2B5F8BCB001D76CB /* AppDelegate.swift */; };
		BF7209BD2B5F8BCB001D76CB /* SceneDelegate.swift in Sources */ = {isa = PBXBuildFile; fileRef = BF7209BC2B5F8BCB001D76CB /* SceneDelegate.swift */; };
		BF7209BF2B5F8BCB001D76CB /* MainViewController.swift in Sources */ = {isa = PBXBuildFile; fileRef = BF7209BE2B5F8BCB001D76CB /* MainViewController.swift */; };
		BF7209C42B5F8BCD001D76CB /* Assets.xcassets in Resources */ = {isa = PBXBuildFile; fileRef = BF7209C32B5F8BCD001D76CB /* Assets.xcassets */; };
		BF7209C72B5F8BCD001D76CB /* LaunchScreen.storyboard in Resources */ = {isa = PBXBuildFile; fileRef = BF7209C52B5F8BCD001D76CB /* LaunchScreen.storyboard */; };
		BF7209D22B5F8BCE001D76CB /* Wetox_iOSTests.swift in Sources */ = {isa = PBXBuildFile; fileRef = BF7209D12B5F8BCE001D76CB /* Wetox_iOSTests.swift */; };
		BF7209DC2B5F8BCE001D76CB /* Wetox_iOSUITests.swift in Sources */ = {isa = PBXBuildFile; fileRef = BF7209DB2B5F8BCE001D76CB /* Wetox_iOSUITests.swift */; };
		BF7209DE2B5F8BCE001D76CB /* Wetox_iOSUITestsLaunchTests.swift in Sources */ = {isa = PBXBuildFile; fileRef = BF7209DD2B5F8BCE001D76CB /* Wetox_iOSUITestsLaunchTests.swift */; };
		BF7209EE2B5F8CB6001D76CB /* Label+Extension.swift in Sources */ = {isa = PBXBuildFile; fileRef = BF7209ED2B5F8CB6001D76CB /* Label+Extension.swift */; };
		BF7209F02B5F8CCB001D76CB /* Color+Extension.swift in Sources */ = {isa = PBXBuildFile; fileRef = BF7209EF2B5F8CCB001D76CB /* Color+Extension.swift */; };
		BF7209F32B5F9221001D76CB /* SnapKit in Frameworks */ = {isa = PBXBuildFile; productRef = BF7209F22B5F9221001D76CB /* SnapKit */; };
		BF7209F52B5F923F001D76CB /* FriendsCollectionViewCell.swift in Sources */ = {isa = PBXBuildFile; fileRef = BF7209F42B5F923F001D76CB /* FriendsCollectionViewCell.swift */; };
		BF7209F72B5F926B001D76CB /* CircularProgressBar.swift in Sources */ = {isa = PBXBuildFile; fileRef = BF7209F62B5F926B001D76CB /* CircularProgressBar.swift */; };
		BF7209FA2B5F928D001D76CB /* RxCocoa in Frameworks */ = {isa = PBXBuildFile; productRef = BF7209F92B5F928D001D76CB /* RxCocoa */; };
		BF7209FC2B5F928D001D76CB /* RxRelay in Frameworks */ = {isa = PBXBuildFile; productRef = BF7209FB2B5F928D001D76CB /* RxRelay */; };
		BF7209FE2B5F928D001D76CB /* RxSwift in Frameworks */ = {isa = PBXBuildFile; productRef = BF7209FD2B5F928D001D76CB /* RxSwift */; };
		BF832F182B60059A0005355F /* .gitkeep in Resources */ = {isa = PBXBuildFile; fileRef = BF832F172B60059A0005355F /* .gitkeep */; };
/* End PBXBuildFile section */

/* Begin PBXContainerItemProxy section */
		BF7209CE2B5F8BCE001D76CB /* PBXContainerItemProxy */ = {
			isa = PBXContainerItemProxy;
			containerPortal = BF7209AF2B5F8BCB001D76CB /* Project object */;
			proxyType = 1;
			remoteGlobalIDString = BF7209B62B5F8BCB001D76CB;
			remoteInfo = "Wetox-iOS";
		};
		BF7209D82B5F8BCE001D76CB /* PBXContainerItemProxy */ = {
			isa = PBXContainerItemProxy;
			containerPortal = BF7209AF2B5F8BCB001D76CB /* Project object */;
			proxyType = 1;
			remoteGlobalIDString = BF7209B62B5F8BCB001D76CB;
			remoteInfo = "Wetox-iOS";
		};
/* End PBXContainerItemProxy section */

/* Begin PBXFileReference section */
		552FE1732B6118DE00A4F568 /* ProfileSettingViewContorller.swift */ = {isa = PBXFileReference; lastKnownFileType = sourcecode.swift; path = ProfileSettingViewContorller.swift; sourceTree = "<group>"; };
		5544128F2B608CA9001B8CBA /* LoginViewController.swift */ = {isa = PBXFileReference; lastKnownFileType = sourcecode.swift; path = LoginViewController.swift; sourceTree = "<group>"; };
		557F3EA12B60983A007C7247 /* Button+Extension.swift */ = {isa = PBXFileReference; lastKnownFileType = sourcecode.swift; path = "Button+Extension.swift"; sourceTree = "<group>"; };
		BF7209B72B5F8BCB001D76CB /* Wetox-iOS.app */ = {isa = PBXFileReference; explicitFileType = wrapper.application; includeInIndex = 0; path = "Wetox-iOS.app"; sourceTree = BUILT_PRODUCTS_DIR; };
		BF7209BA2B5F8BCB001D76CB /* AppDelegate.swift */ = {isa = PBXFileReference; lastKnownFileType = sourcecode.swift; path = AppDelegate.swift; sourceTree = "<group>"; };
		BF7209BC2B5F8BCB001D76CB /* SceneDelegate.swift */ = {isa = PBXFileReference; lastKnownFileType = sourcecode.swift; path = SceneDelegate.swift; sourceTree = "<group>"; };
		BF7209BE2B5F8BCB001D76CB /* MainViewController.swift */ = {isa = PBXFileReference; lastKnownFileType = sourcecode.swift; path = MainViewController.swift; sourceTree = "<group>"; };
		BF7209C32B5F8BCD001D76CB /* Assets.xcassets */ = {isa = PBXFileReference; lastKnownFileType = folder.assetcatalog; path = Assets.xcassets; sourceTree = "<group>"; };
		BF7209C62B5F8BCD001D76CB /* Base */ = {isa = PBXFileReference; lastKnownFileType = file.storyboard; name = Base; path = Base.lproj/LaunchScreen.storyboard; sourceTree = "<group>"; };
		BF7209C82B5F8BCD001D76CB /* Info.plist */ = {isa = PBXFileReference; lastKnownFileType = text.plist.xml; path = Info.plist; sourceTree = "<group>"; };
		BF7209CD2B5F8BCE001D76CB /* Wetox-iOSTests.xctest */ = {isa = PBXFileReference; explicitFileType = wrapper.cfbundle; includeInIndex = 0; path = "Wetox-iOSTests.xctest"; sourceTree = BUILT_PRODUCTS_DIR; };
		BF7209D12B5F8BCE001D76CB /* Wetox_iOSTests.swift */ = {isa = PBXFileReference; lastKnownFileType = sourcecode.swift; path = Wetox_iOSTests.swift; sourceTree = "<group>"; };
		BF7209D72B5F8BCE001D76CB /* Wetox-iOSUITests.xctest */ = {isa = PBXFileReference; explicitFileType = wrapper.cfbundle; includeInIndex = 0; path = "Wetox-iOSUITests.xctest"; sourceTree = BUILT_PRODUCTS_DIR; };
		BF7209DB2B5F8BCE001D76CB /* Wetox_iOSUITests.swift */ = {isa = PBXFileReference; lastKnownFileType = sourcecode.swift; path = Wetox_iOSUITests.swift; sourceTree = "<group>"; };
		BF7209DD2B5F8BCE001D76CB /* Wetox_iOSUITestsLaunchTests.swift */ = {isa = PBXFileReference; lastKnownFileType = sourcecode.swift; path = Wetox_iOSUITestsLaunchTests.swift; sourceTree = "<group>"; };
		BF7209ED2B5F8CB6001D76CB /* Label+Extension.swift */ = {isa = PBXFileReference; lastKnownFileType = sourcecode.swift; path = "Label+Extension.swift"; sourceTree = "<group>"; };
		BF7209EF2B5F8CCB001D76CB /* Color+Extension.swift */ = {isa = PBXFileReference; lastKnownFileType = sourcecode.swift; path = "Color+Extension.swift"; sourceTree = "<group>"; };
		BF7209F42B5F923F001D76CB /* FriendsCollectionViewCell.swift */ = {isa = PBXFileReference; lastKnownFileType = sourcecode.swift; path = FriendsCollectionViewCell.swift; sourceTree = "<group>"; };
		BF7209F62B5F926B001D76CB /* CircularProgressBar.swift */ = {isa = PBXFileReference; lastKnownFileType = sourcecode.swift; path = CircularProgressBar.swift; sourceTree = "<group>"; };
		BF832F172B60059A0005355F /* .gitkeep */ = {isa = PBXFileReference; lastKnownFileType = text; path = .gitkeep; sourceTree = "<group>"; };
/* End PBXFileReference section */

/* Begin PBXFrameworksBuildPhase section */
		BF7209B42B5F8BCB001D76CB /* Frameworks */ = {
			isa = PBXFrameworksBuildPhase;
			buildActionMask = 2147483647;
			files = (
				BF7209FC2B5F928D001D76CB /* RxRelay in Frameworks */,
				552FE1772B611C1000A4F568 /* KakaoSDK in Frameworks */,
				BF7209FA2B5F928D001D76CB /* RxCocoa in Frameworks */,
				552FE17B2B611C1000A4F568 /* KakaoSDKUser in Frameworks */,
				BF7209FE2B5F928D001D76CB /* RxSwift in Frameworks */,
				BF7209F32B5F9221001D76CB /* SnapKit in Frameworks */,
				552FE1792B611C1000A4F568 /* KakaoSDKAuth in Frameworks */,
			);
			runOnlyForDeploymentPostprocessing = 0;
		};
		BF7209CA2B5F8BCE001D76CB /* Frameworks */ = {
			isa = PBXFrameworksBuildPhase;
			buildActionMask = 2147483647;
			files = (
			);
			runOnlyForDeploymentPostprocessing = 0;
		};
		BF7209D42B5F8BCE001D76CB /* Frameworks */ = {
			isa = PBXFrameworksBuildPhase;
			buildActionMask = 2147483647;
			files = (
			);
			runOnlyForDeploymentPostprocessing = 0;
		};
/* End PBXFrameworksBuildPhase section */

/* Begin PBXGroup section */
		BF7209AE2B5F8BCB001D76CB = {
			isa = PBXGroup;
			children = (
				BF7209B92B5F8BCB001D76CB /* Wetox-iOS */,
				BF7209D02B5F8BCE001D76CB /* Wetox-iOSTests */,
				BF7209DA2B5F8BCE001D76CB /* Wetox-iOSUITests */,
				BF7209B82B5F8BCB001D76CB /* Products */,
			);
			sourceTree = "<group>";
		};
		BF7209B82B5F8BCB001D76CB /* Products */ = {
			isa = PBXGroup;
			children = (
				BF7209B72B5F8BCB001D76CB /* Wetox-iOS.app */,
				BF7209CD2B5F8BCE001D76CB /* Wetox-iOSTests.xctest */,
				BF7209D72B5F8BCE001D76CB /* Wetox-iOSUITests.xctest */,
			);
			name = Products;
			sourceTree = "<group>";
		};
		BF7209B92B5F8BCB001D76CB /* Wetox-iOS */ = {
			isa = PBXGroup;
			children = (
				BF7209EC2B5F8C9B001D76CB /* Model */,
				BF7209EB2B5F8C95001D76CB /* View */,
				BF7209EA2B5F8C8F001D76CB /* Extension */,
				BF7209BA2B5F8BCB001D76CB /* AppDelegate.swift */,
				BF7209BC2B5F8BCB001D76CB /* SceneDelegate.swift */,
				BF7209C32B5F8BCD001D76CB /* Assets.xcassets */,
				BF7209C52B5F8BCD001D76CB /* LaunchScreen.storyboard */,
				BF7209C82B5F8BCD001D76CB /* Info.plist */,
			);
			path = "Wetox-iOS";
			sourceTree = "<group>";
		};
		BF7209D02B5F8BCE001D76CB /* Wetox-iOSTests */ = {
			isa = PBXGroup;
			children = (
				BF7209D12B5F8BCE001D76CB /* Wetox_iOSTests.swift */,
			);
			path = "Wetox-iOSTests";
			sourceTree = "<group>";
		};
		BF7209DA2B5F8BCE001D76CB /* Wetox-iOSUITests */ = {
			isa = PBXGroup;
			children = (
				BF7209DB2B5F8BCE001D76CB /* Wetox_iOSUITests.swift */,
				BF7209DD2B5F8BCE001D76CB /* Wetox_iOSUITestsLaunchTests.swift */,
			);
			path = "Wetox-iOSUITests";
			sourceTree = "<group>";
		};
		BF7209EA2B5F8C8F001D76CB /* Extension */ = {
			isa = PBXGroup;
			children = (
				BF7209ED2B5F8CB6001D76CB /* Label+Extension.swift */,
				BF7209EF2B5F8CCB001D76CB /* Color+Extension.swift */,
				557F3EA12B60983A007C7247 /* Button+Extension.swift */,
			);
			path = Extension;
			sourceTree = "<group>";
		};
		BF7209EB2B5F8C95001D76CB /* View */ = {
			isa = PBXGroup;
			children = (
				5544128F2B608CA9001B8CBA /* LoginViewController.swift */,
				552FE1732B6118DE00A4F568 /* ProfileSettingViewContorller.swift */,
				BF7209BE2B5F8BCB001D76CB /* MainViewController.swift */,
				BF7209F42B5F923F001D76CB /* FriendsCollectionViewCell.swift */,
				BF7209F62B5F926B001D76CB /* CircularProgressBar.swift */,
			);
			path = View;
			sourceTree = "<group>";
		};
		BF7209EC2B5F8C9B001D76CB /* Model */ = {
			isa = PBXGroup;
			children = (
				BF832F172B60059A0005355F /* .gitkeep */,
			);
			path = Model;
			sourceTree = "<group>";
		};
/* End PBXGroup section */

/* Begin PBXNativeTarget section */
		BF7209B62B5F8BCB001D76CB /* Wetox-iOS */ = {
			isa = PBXNativeTarget;
			buildConfigurationList = BF7209E12B5F8BCE001D76CB /* Build configuration list for PBXNativeTarget "Wetox-iOS" */;
			buildPhases = (
				BF7209B32B5F8BCB001D76CB /* Sources */,
				BF7209B42B5F8BCB001D76CB /* Frameworks */,
				BF7209B52B5F8BCB001D76CB /* Resources */,
			);
			buildRules = (
			);
			dependencies = (
			);
			name = "Wetox-iOS";
			packageProductDependencies = (
				BF7209F22B5F9221001D76CB /* SnapKit */,
				BF7209F92B5F928D001D76CB /* RxCocoa */,
				BF7209FB2B5F928D001D76CB /* RxRelay */,
				BF7209FD2B5F928D001D76CB /* RxSwift */,
				552FE1762B611C1000A4F568 /* KakaoSDK */,
				552FE1782B611C1000A4F568 /* KakaoSDKAuth */,
				552FE17A2B611C1000A4F568 /* KakaoSDKUser */,
			);
			productName = "Wetox-iOS";
			productReference = BF7209B72B5F8BCB001D76CB /* Wetox-iOS.app */;
			productType = "com.apple.product-type.application";
		};
		BF7209CC2B5F8BCE001D76CB /* Wetox-iOSTests */ = {
			isa = PBXNativeTarget;
			buildConfigurationList = BF7209E42B5F8BCE001D76CB /* Build configuration list for PBXNativeTarget "Wetox-iOSTests" */;
			buildPhases = (
				BF7209C92B5F8BCE001D76CB /* Sources */,
				BF7209CA2B5F8BCE001D76CB /* Frameworks */,
				BF7209CB2B5F8BCE001D76CB /* Resources */,
			);
			buildRules = (
			);
			dependencies = (
				BF7209CF2B5F8BCE001D76CB /* PBXTargetDependency */,
			);
			name = "Wetox-iOSTests";
			productName = "Wetox-iOSTests";
			productReference = BF7209CD2B5F8BCE001D76CB /* Wetox-iOSTests.xctest */;
			productType = "com.apple.product-type.bundle.unit-test";
		};
		BF7209D62B5F8BCE001D76CB /* Wetox-iOSUITests */ = {
			isa = PBXNativeTarget;
			buildConfigurationList = BF7209E72B5F8BCE001D76CB /* Build configuration list for PBXNativeTarget "Wetox-iOSUITests" */;
			buildPhases = (
				BF7209D32B5F8BCE001D76CB /* Sources */,
				BF7209D42B5F8BCE001D76CB /* Frameworks */,
				BF7209D52B5F8BCE001D76CB /* Resources */,
			);
			buildRules = (
			);
			dependencies = (
				BF7209D92B5F8BCE001D76CB /* PBXTargetDependency */,
			);
			name = "Wetox-iOSUITests";
			productName = "Wetox-iOSUITests";
			productReference = BF7209D72B5F8BCE001D76CB /* Wetox-iOSUITests.xctest */;
			productType = "com.apple.product-type.bundle.ui-testing";
		};
/* End PBXNativeTarget section */

/* Begin PBXProject section */
		BF7209AF2B5F8BCB001D76CB /* Project object */ = {
			isa = PBXProject;
			attributes = {
				BuildIndependentTargetsInParallel = 1;
				LastSwiftUpdateCheck = 1520;
				LastUpgradeCheck = 1520;
				TargetAttributes = {
					BF7209B62B5F8BCB001D76CB = {
						CreatedOnToolsVersion = 15.2;
					};
					BF7209CC2B5F8BCE001D76CB = {
						CreatedOnToolsVersion = 15.2;
						TestTargetID = BF7209B62B5F8BCB001D76CB;
					};
					BF7209D62B5F8BCE001D76CB = {
						CreatedOnToolsVersion = 15.2;
						TestTargetID = BF7209B62B5F8BCB001D76CB;
					};
				};
			};
			buildConfigurationList = BF7209B22B5F8BCB001D76CB /* Build configuration list for PBXProject "Wetox-iOS" */;
			compatibilityVersion = "Xcode 14.0";
			developmentRegion = en;
			hasScannedForEncodings = 0;
			knownRegions = (
				en,
				Base,
			);
			mainGroup = BF7209AE2B5F8BCB001D76CB;
			packageReferences = (
				BF7209F12B5F9221001D76CB /* XCRemoteSwiftPackageReference "SnapKit" */,
				BF7209F82B5F928D001D76CB /* XCRemoteSwiftPackageReference "RxSwift" */,
				552FE1752B611C1000A4F568 /* XCRemoteSwiftPackageReference "kakao-ios-sdk" */,
			);
			productRefGroup = BF7209B82B5F8BCB001D76CB /* Products */;
			projectDirPath = "";
			projectRoot = "";
			targets = (
				BF7209B62B5F8BCB001D76CB /* Wetox-iOS */,
				BF7209CC2B5F8BCE001D76CB /* Wetox-iOSTests */,
				BF7209D62B5F8BCE001D76CB /* Wetox-iOSUITests */,
			);
		};
/* End PBXProject section */

/* Begin PBXResourcesBuildPhase section */
		BF7209B52B5F8BCB001D76CB /* Resources */ = {
			isa = PBXResourcesBuildPhase;
			buildActionMask = 2147483647;
			files = (
				BF832F182B60059A0005355F /* .gitkeep in Resources */,
				BF7209C72B5F8BCD001D76CB /* LaunchScreen.storyboard in Resources */,
				BF7209C42B5F8BCD001D76CB /* Assets.xcassets in Resources */,
			);
			runOnlyForDeploymentPostprocessing = 0;
		};
		BF7209CB2B5F8BCE001D76CB /* Resources */ = {
			isa = PBXResourcesBuildPhase;
			buildActionMask = 2147483647;
			files = (
			);
			runOnlyForDeploymentPostprocessing = 0;
		};
		BF7209D52B5F8BCE001D76CB /* Resources */ = {
			isa = PBXResourcesBuildPhase;
			buildActionMask = 2147483647;
			files = (
			);
			runOnlyForDeploymentPostprocessing = 0;
		};
/* End PBXResourcesBuildPhase section */

/* Begin PBXSourcesBuildPhase section */
		BF7209B32B5F8BCB001D76CB /* Sources */ = {
			isa = PBXSourcesBuildPhase;
			buildActionMask = 2147483647;
			files = (
				BF7209EE2B5F8CB6001D76CB /* Label+Extension.swift in Sources */,
				BF7209F52B5F923F001D76CB /* FriendsCollectionViewCell.swift in Sources */,
				BF7209F02B5F8CCB001D76CB /* Color+Extension.swift in Sources */,
				552FE1742B6118DE00A4F568 /* ProfileSettingViewContorller.swift in Sources */,
				BF7209BF2B5F8BCB001D76CB /* MainViewController.swift in Sources */,
				554412902B608CA9001B8CBA /* LoginViewController.swift in Sources */,
				BF7209F72B5F926B001D76CB /* CircularProgressBar.swift in Sources */,
				BF7209BB2B5F8BCB001D76CB /* AppDelegate.swift in Sources */,
				BF7209BD2B5F8BCB001D76CB /* SceneDelegate.swift in Sources */,
				557F3EA22B60983A007C7247 /* Button+Extension.swift in Sources */,
			);
			runOnlyForDeploymentPostprocessing = 0;
		};
		BF7209C92B5F8BCE001D76CB /* Sources */ = {
			isa = PBXSourcesBuildPhase;
			buildActionMask = 2147483647;
			files = (
				BF7209D22B5F8BCE001D76CB /* Wetox_iOSTests.swift in Sources */,
			);
			runOnlyForDeploymentPostprocessing = 0;
		};
		BF7209D32B5F8BCE001D76CB /* Sources */ = {
			isa = PBXSourcesBuildPhase;
			buildActionMask = 2147483647;
			files = (
				BF7209DE2B5F8BCE001D76CB /* Wetox_iOSUITestsLaunchTests.swift in Sources */,
				BF7209DC2B5F8BCE001D76CB /* Wetox_iOSUITests.swift in Sources */,
			);
			runOnlyForDeploymentPostprocessing = 0;
		};
/* End PBXSourcesBuildPhase section */

/* Begin PBXTargetDependency section */
		BF7209CF2B5F8BCE001D76CB /* PBXTargetDependency */ = {
			isa = PBXTargetDependency;
			target = BF7209B62B5F8BCB001D76CB /* Wetox-iOS */;
			targetProxy = BF7209CE2B5F8BCE001D76CB /* PBXContainerItemProxy */;
		};
		BF7209D92B5F8BCE001D76CB /* PBXTargetDependency */ = {
			isa = PBXTargetDependency;
			target = BF7209B62B5F8BCB001D76CB /* Wetox-iOS */;
			targetProxy = BF7209D82B5F8BCE001D76CB /* PBXContainerItemProxy */;
		};
/* End PBXTargetDependency section */

/* Begin PBXVariantGroup section */
		BF7209C52B5F8BCD001D76CB /* LaunchScreen.storyboard */ = {
			isa = PBXVariantGroup;
			children = (
				BF7209C62B5F8BCD001D76CB /* Base */,
			);
			name = LaunchScreen.storyboard;
			sourceTree = "<group>";
		};
/* End PBXVariantGroup section */

/* Begin XCBuildConfiguration section */
		BF7209DF2B5F8BCE001D76CB /* Debug */ = {
			isa = XCBuildConfiguration;
			buildSettings = {
				ALWAYS_SEARCH_USER_PATHS = NO;
				ASSETCATALOG_COMPILER_GENERATE_SWIFT_ASSET_SYMBOL_EXTENSIONS = YES;
				CLANG_ANALYZER_NONNULL = YES;
				CLANG_ANALYZER_NUMBER_OBJECT_CONVERSION = YES_AGGRESSIVE;
				CLANG_CXX_LANGUAGE_STANDARD = "gnu++20";
				CLANG_ENABLE_MODULES = YES;
				CLANG_ENABLE_OBJC_ARC = YES;
				CLANG_ENABLE_OBJC_WEAK = YES;
				CLANG_WARN_BLOCK_CAPTURE_AUTORELEASING = YES;
				CLANG_WARN_BOOL_CONVERSION = YES;
				CLANG_WARN_COMMA = YES;
				CLANG_WARN_CONSTANT_CONVERSION = YES;
				CLANG_WARN_DEPRECATED_OBJC_IMPLEMENTATIONS = YES;
				CLANG_WARN_DIRECT_OBJC_ISA_USAGE = YES_ERROR;
				CLANG_WARN_DOCUMENTATION_COMMENTS = YES;
				CLANG_WARN_EMPTY_BODY = YES;
				CLANG_WARN_ENUM_CONVERSION = YES;
				CLANG_WARN_INFINITE_RECURSION = YES;
				CLANG_WARN_INT_CONVERSION = YES;
				CLANG_WARN_NON_LITERAL_NULL_CONVERSION = YES;
				CLANG_WARN_OBJC_IMPLICIT_RETAIN_SELF = YES;
				CLANG_WARN_OBJC_LITERAL_CONVERSION = YES;
				CLANG_WARN_OBJC_ROOT_CLASS = YES_ERROR;
				CLANG_WARN_QUOTED_INCLUDE_IN_FRAMEWORK_HEADER = YES;
				CLANG_WARN_RANGE_LOOP_ANALYSIS = YES;
				CLANG_WARN_STRICT_PROTOTYPES = YES;
				CLANG_WARN_SUSPICIOUS_MOVE = YES;
				CLANG_WARN_UNGUARDED_AVAILABILITY = YES_AGGRESSIVE;
				CLANG_WARN_UNREACHABLE_CODE = YES;
				CLANG_WARN__DUPLICATE_METHOD_MATCH = YES;
				COPY_PHASE_STRIP = NO;
				DEBUG_INFORMATION_FORMAT = dwarf;
				ENABLE_STRICT_OBJC_MSGSEND = YES;
				ENABLE_TESTABILITY = YES;
				ENABLE_USER_SCRIPT_SANDBOXING = YES;
				GCC_C_LANGUAGE_STANDARD = gnu17;
				GCC_DYNAMIC_NO_PIC = NO;
				GCC_NO_COMMON_BLOCKS = YES;
				GCC_OPTIMIZATION_LEVEL = 0;
				GCC_PREPROCESSOR_DEFINITIONS = (
					"DEBUG=1",
					"$(inherited)",
				);
				GCC_WARN_64_TO_32_BIT_CONVERSION = YES;
				GCC_WARN_ABOUT_RETURN_TYPE = YES_ERROR;
				GCC_WARN_UNDECLARED_SELECTOR = YES;
				GCC_WARN_UNINITIALIZED_AUTOS = YES_AGGRESSIVE;
				GCC_WARN_UNUSED_FUNCTION = YES;
				GCC_WARN_UNUSED_VARIABLE = YES;
				IPHONEOS_DEPLOYMENT_TARGET = 17.2;
				LOCALIZATION_PREFERS_STRING_CATALOGS = YES;
				MTL_ENABLE_DEBUG_INFO = INCLUDE_SOURCE;
				MTL_FAST_MATH = YES;
				ONLY_ACTIVE_ARCH = YES;
				SDKROOT = iphoneos;
				SWIFT_ACTIVE_COMPILATION_CONDITIONS = "DEBUG $(inherited)";
				SWIFT_OPTIMIZATION_LEVEL = "-Onone";
			};
			name = Debug;
		};
		BF7209E02B5F8BCE001D76CB /* Release */ = {
			isa = XCBuildConfiguration;
			buildSettings = {
				ALWAYS_SEARCH_USER_PATHS = NO;
				ASSETCATALOG_COMPILER_GENERATE_SWIFT_ASSET_SYMBOL_EXTENSIONS = YES;
				CLANG_ANALYZER_NONNULL = YES;
				CLANG_ANALYZER_NUMBER_OBJECT_CONVERSION = YES_AGGRESSIVE;
				CLANG_CXX_LANGUAGE_STANDARD = "gnu++20";
				CLANG_ENABLE_MODULES = YES;
				CLANG_ENABLE_OBJC_ARC = YES;
				CLANG_ENABLE_OBJC_WEAK = YES;
				CLANG_WARN_BLOCK_CAPTURE_AUTORELEASING = YES;
				CLANG_WARN_BOOL_CONVERSION = YES;
				CLANG_WARN_COMMA = YES;
				CLANG_WARN_CONSTANT_CONVERSION = YES;
				CLANG_WARN_DEPRECATED_OBJC_IMPLEMENTATIONS = YES;
				CLANG_WARN_DIRECT_OBJC_ISA_USAGE = YES_ERROR;
				CLANG_WARN_DOCUMENTATION_COMMENTS = YES;
				CLANG_WARN_EMPTY_BODY = YES;
				CLANG_WARN_ENUM_CONVERSION = YES;
				CLANG_WARN_INFINITE_RECURSION = YES;
				CLANG_WARN_INT_CONVERSION = YES;
				CLANG_WARN_NON_LITERAL_NULL_CONVERSION = YES;
				CLANG_WARN_OBJC_IMPLICIT_RETAIN_SELF = YES;
				CLANG_WARN_OBJC_LITERAL_CONVERSION = YES;
				CLANG_WARN_OBJC_ROOT_CLASS = YES_ERROR;
				CLANG_WARN_QUOTED_INCLUDE_IN_FRAMEWORK_HEADER = YES;
				CLANG_WARN_RANGE_LOOP_ANALYSIS = YES;
				CLANG_WARN_STRICT_PROTOTYPES = YES;
				CLANG_WARN_SUSPICIOUS_MOVE = YES;
				CLANG_WARN_UNGUARDED_AVAILABILITY = YES_AGGRESSIVE;
				CLANG_WARN_UNREACHABLE_CODE = YES;
				CLANG_WARN__DUPLICATE_METHOD_MATCH = YES;
				COPY_PHASE_STRIP = NO;
				DEBUG_INFORMATION_FORMAT = "dwarf-with-dsym";
				ENABLE_NS_ASSERTIONS = NO;
				ENABLE_STRICT_OBJC_MSGSEND = YES;
				ENABLE_USER_SCRIPT_SANDBOXING = YES;
				GCC_C_LANGUAGE_STANDARD = gnu17;
				GCC_NO_COMMON_BLOCKS = YES;
				GCC_WARN_64_TO_32_BIT_CONVERSION = YES;
				GCC_WARN_ABOUT_RETURN_TYPE = YES_ERROR;
				GCC_WARN_UNDECLARED_SELECTOR = YES;
				GCC_WARN_UNINITIALIZED_AUTOS = YES_AGGRESSIVE;
				GCC_WARN_UNUSED_FUNCTION = YES;
				GCC_WARN_UNUSED_VARIABLE = YES;
				IPHONEOS_DEPLOYMENT_TARGET = 17.2;
				LOCALIZATION_PREFERS_STRING_CATALOGS = YES;
				MTL_ENABLE_DEBUG_INFO = NO;
				MTL_FAST_MATH = YES;
				SDKROOT = iphoneos;
				SWIFT_COMPILATION_MODE = wholemodule;
				VALIDATE_PRODUCT = YES;
			};
			name = Release;
		};
		BF7209E22B5F8BCE001D76CB /* Debug */ = {
			isa = XCBuildConfiguration;
			buildSettings = {
				ASSETCATALOG_COMPILER_APPICON_NAME = AppIcon;
				ASSETCATALOG_COMPILER_GLOBAL_ACCENT_COLOR_NAME = AccentColor;
				CODE_SIGN_STYLE = Automatic;
				CURRENT_PROJECT_VERSION = 1;
				DEVELOPMENT_TEAM = D9CAJN27UH;
				GENERATE_INFOPLIST_FILE = YES;
				INFOPLIST_FILE = "Wetox-iOS/Info.plist";
				INFOPLIST_KEY_UIApplicationSupportsIndirectInputEvents = YES;
				INFOPLIST_KEY_UILaunchStoryboardName = LaunchScreen;
				INFOPLIST_KEY_UIMainStoryboardFile = "";
				INFOPLIST_KEY_UISupportedInterfaceOrientations_iPad = "UIInterfaceOrientationPortrait UIInterfaceOrientationPortraitUpsideDown UIInterfaceOrientationLandscapeLeft UIInterfaceOrientationLandscapeRight";
				INFOPLIST_KEY_UISupportedInterfaceOrientations_iPhone = "UIInterfaceOrientationPortrait UIInterfaceOrientationLandscapeLeft UIInterfaceOrientationLandscapeRight";
				LD_RUNPATH_SEARCH_PATHS = (
					"$(inherited)",
					"@executable_path/Frameworks",
				);
				MARKETING_VERSION = 1.0;
				PRODUCT_BUNDLE_IDENTIFIER = com.wetox;
				PRODUCT_NAME = "$(TARGET_NAME)";
				SWIFT_EMIT_LOC_STRINGS = YES;
				SWIFT_VERSION = 5.0;
				TARGETED_DEVICE_FAMILY = "1,2";
			};
			name = Debug;
		};
		BF7209E32B5F8BCE001D76CB /* Release */ = {
			isa = XCBuildConfiguration;
			buildSettings = {
				ASSETCATALOG_COMPILER_APPICON_NAME = AppIcon;
				ASSETCATALOG_COMPILER_GLOBAL_ACCENT_COLOR_NAME = AccentColor;
				CODE_SIGN_STYLE = Automatic;
				CURRENT_PROJECT_VERSION = 1;
				DEVELOPMENT_TEAM = D9CAJN27UH;
				GENERATE_INFOPLIST_FILE = YES;
				INFOPLIST_FILE = "Wetox-iOS/Info.plist";
				INFOPLIST_KEY_UIApplicationSupportsIndirectInputEvents = YES;
				INFOPLIST_KEY_UILaunchStoryboardName = LaunchScreen;
				INFOPLIST_KEY_UIMainStoryboardFile = "";
				INFOPLIST_KEY_UISupportedInterfaceOrientations_iPad = "UIInterfaceOrientationPortrait UIInterfaceOrientationPortraitUpsideDown UIInterfaceOrientationLandscapeLeft UIInterfaceOrientationLandscapeRight";
				INFOPLIST_KEY_UISupportedInterfaceOrientations_iPhone = "UIInterfaceOrientationPortrait UIInterfaceOrientationLandscapeLeft UIInterfaceOrientationLandscapeRight";
				LD_RUNPATH_SEARCH_PATHS = (
					"$(inherited)",
					"@executable_path/Frameworks",
				);
				MARKETING_VERSION = 1.0;
				PRODUCT_BUNDLE_IDENTIFIER = com.wetox;
				PRODUCT_NAME = "$(TARGET_NAME)";
				SWIFT_EMIT_LOC_STRINGS = YES;
				SWIFT_VERSION = 5.0;
				TARGETED_DEVICE_FAMILY = "1,2";
			};
			name = Release;
		};
		BF7209E52B5F8BCE001D76CB /* Debug */ = {
			isa = XCBuildConfiguration;
			buildSettings = {
				ALWAYS_EMBED_SWIFT_STANDARD_LIBRARIES = YES;
				BUNDLE_LOADER = "$(TEST_HOST)";
				CODE_SIGN_STYLE = Automatic;
				CURRENT_PROJECT_VERSION = 1;
				DEVELOPMENT_TEAM = D9CAJN27UH;
				GENERATE_INFOPLIST_FILE = YES;
				IPHONEOS_DEPLOYMENT_TARGET = 17.2;
				MARKETING_VERSION = 1.0;
				PRODUCT_BUNDLE_IDENTIFIER = com.wetox.Tests;
				PRODUCT_NAME = "$(TARGET_NAME)";
				SWIFT_EMIT_LOC_STRINGS = NO;
				SWIFT_VERSION = 5.0;
				TARGETED_DEVICE_FAMILY = "1,2";
				TEST_HOST = "$(BUILT_PRODUCTS_DIR)/Wetox-iOS.app/$(BUNDLE_EXECUTABLE_FOLDER_PATH)/Wetox-iOS";
			};
			name = Debug;
		};
		BF7209E62B5F8BCE001D76CB /* Release */ = {
			isa = XCBuildConfiguration;
			buildSettings = {
				ALWAYS_EMBED_SWIFT_STANDARD_LIBRARIES = YES;
				BUNDLE_LOADER = "$(TEST_HOST)";
				CODE_SIGN_STYLE = Automatic;
				CURRENT_PROJECT_VERSION = 1;
				DEVELOPMENT_TEAM = D9CAJN27UH;
				GENERATE_INFOPLIST_FILE = YES;
				IPHONEOS_DEPLOYMENT_TARGET = 17.2;
				MARKETING_VERSION = 1.0;
				PRODUCT_BUNDLE_IDENTIFIER = com.wetox.Tests;
				PRODUCT_NAME = "$(TARGET_NAME)";
				SWIFT_EMIT_LOC_STRINGS = NO;
				SWIFT_VERSION = 5.0;
				TARGETED_DEVICE_FAMILY = "1,2";
				TEST_HOST = "$(BUILT_PRODUCTS_DIR)/Wetox-iOS.app/$(BUNDLE_EXECUTABLE_FOLDER_PATH)/Wetox-iOS";
			};
			name = Release;
		};
		BF7209E82B5F8BCE001D76CB /* Debug */ = {
			isa = XCBuildConfiguration;
			buildSettings = {
				ALWAYS_EMBED_SWIFT_STANDARD_LIBRARIES = YES;
				CODE_SIGN_STYLE = Automatic;
				CURRENT_PROJECT_VERSION = 1;
				DEVELOPMENT_TEAM = D9CAJN27UH;
				GENERATE_INFOPLIST_FILE = YES;
				MARKETING_VERSION = 1.0;
				PRODUCT_BUNDLE_IDENTIFIER = com.wetox.UITests;
				PRODUCT_NAME = "$(TARGET_NAME)";
				SWIFT_EMIT_LOC_STRINGS = NO;
				SWIFT_VERSION = 5.0;
				TARGETED_DEVICE_FAMILY = "1,2";
				TEST_TARGET_NAME = "Wetox-iOS";
			};
			name = Debug;
		};
		BF7209E92B5F8BCE001D76CB /* Release */ = {
			isa = XCBuildConfiguration;
			buildSettings = {
				ALWAYS_EMBED_SWIFT_STANDARD_LIBRARIES = YES;
				CODE_SIGN_STYLE = Automatic;
				CURRENT_PROJECT_VERSION = 1;
				DEVELOPMENT_TEAM = D9CAJN27UH;
				GENERATE_INFOPLIST_FILE = YES;
				MARKETING_VERSION = 1.0;
				PRODUCT_BUNDLE_IDENTIFIER = com.wetox.UITests;
				PRODUCT_NAME = "$(TARGET_NAME)";
				SWIFT_EMIT_LOC_STRINGS = NO;
				SWIFT_VERSION = 5.0;
				TARGETED_DEVICE_FAMILY = "1,2";
				TEST_TARGET_NAME = "Wetox-iOS";
			};
			name = Release;
		};
/* End XCBuildConfiguration section */

/* Begin XCConfigurationList section */
		BF7209B22B5F8BCB001D76CB /* Build configuration list for PBXProject "Wetox-iOS" */ = {
			isa = XCConfigurationList;
			buildConfigurations = (
				BF7209DF2B5F8BCE001D76CB /* Debug */,
				BF7209E02B5F8BCE001D76CB /* Release */,
			);
			defaultConfigurationIsVisible = 0;
			defaultConfigurationName = Release;
		};
		BF7209E12B5F8BCE001D76CB /* Build configuration list for PBXNativeTarget "Wetox-iOS" */ = {
			isa = XCConfigurationList;
			buildConfigurations = (
				BF7209E22B5F8BCE001D76CB /* Debug */,
				BF7209E32B5F8BCE001D76CB /* Release */,
			);
			defaultConfigurationIsVisible = 0;
			defaultConfigurationName = Release;
		};
		BF7209E42B5F8BCE001D76CB /* Build configuration list for PBXNativeTarget "Wetox-iOSTests" */ = {
			isa = XCConfigurationList;
			buildConfigurations = (
				BF7209E52B5F8BCE001D76CB /* Debug */,
				BF7209E62B5F8BCE001D76CB /* Release */,
			);
			defaultConfigurationIsVisible = 0;
			defaultConfigurationName = Release;
		};
		BF7209E72B5F8BCE001D76CB /* Build configuration list for PBXNativeTarget "Wetox-iOSUITests" */ = {
			isa = XCConfigurationList;
			buildConfigurations = (
				BF7209E82B5F8BCE001D76CB /* Debug */,
				BF7209E92B5F8BCE001D76CB /* Release */,
			);
			defaultConfigurationIsVisible = 0;
			defaultConfigurationName = Release;
		};
/* End XCConfigurationList section */

/* Begin XCRemoteSwiftPackageReference section */
		552FE1752B611C1000A4F568 /* XCRemoteSwiftPackageReference "kakao-ios-sdk" */ = {
			isa = XCRemoteSwiftPackageReference;
			repositoryURL = "https://github.com/kakao/kakao-ios-sdk";
			requirement = {
				kind = upToNextMajorVersion;
				minimumVersion = 2.20.0;
			};
		};
		BF7209F12B5F9221001D76CB /* XCRemoteSwiftPackageReference "SnapKit" */ = {
			isa = XCRemoteSwiftPackageReference;
			repositoryURL = "https://github.com/SnapKit/SnapKit.git";
			requirement = {
				kind = upToNextMajorVersion;
				minimumVersion = 5.7.0;
			};
		};
		BF7209F82B5F928D001D76CB /* XCRemoteSwiftPackageReference "RxSwift" */ = {
			isa = XCRemoteSwiftPackageReference;
			repositoryURL = "https://github.com/ReactiveX/RxSwift";
			requirement = {
				kind = upToNextMajorVersion;
				minimumVersion = 6.6.0;
			};
		};
/* End XCRemoteSwiftPackageReference section */

/* Begin XCSwiftPackageProductDependency section */
		552FE1762B611C1000A4F568 /* KakaoSDK */ = {
			isa = XCSwiftPackageProductDependency;
			package = 552FE1752B611C1000A4F568 /* XCRemoteSwiftPackageReference "kakao-ios-sdk" */;
			productName = KakaoSDK;
		};
		552FE1782B611C1000A4F568 /* KakaoSDKAuth */ = {
			isa = XCSwiftPackageProductDependency;
			package = 552FE1752B611C1000A4F568 /* XCRemoteSwiftPackageReference "kakao-ios-sdk" */;
			productName = KakaoSDKAuth;
		};
		552FE17A2B611C1000A4F568 /* KakaoSDKUser */ = {
			isa = XCSwiftPackageProductDependency;
			package = 552FE1752B611C1000A4F568 /* XCRemoteSwiftPackageReference "kakao-ios-sdk" */;
			productName = KakaoSDKUser;
		};
		BF7209F22B5F9221001D76CB /* SnapKit */ = {
			isa = XCSwiftPackageProductDependency;
			package = BF7209F12B5F9221001D76CB /* XCRemoteSwiftPackageReference "SnapKit" */;
			productName = SnapKit;
		};
		BF7209F92B5F928D001D76CB /* RxCocoa */ = {
			isa = XCSwiftPackageProductDependency;
			package = BF7209F82B5F928D001D76CB /* XCRemoteSwiftPackageReference "RxSwift" */;
			productName = RxCocoa;
		};
		BF7209FB2B5F928D001D76CB /* RxRelay */ = {
			isa = XCSwiftPackageProductDependency;
			package = BF7209F82B5F928D001D76CB /* XCRemoteSwiftPackageReference "RxSwift" */;
			productName = RxRelay;
		};
		BF7209FD2B5F928D001D76CB /* RxSwift */ = {
			isa = XCSwiftPackageProductDependency;
			package = BF7209F82B5F928D001D76CB /* XCRemoteSwiftPackageReference "RxSwift" */;
			productName = RxSwift;
		};
/* End XCSwiftPackageProductDependency section */
	};
	rootObject = BF7209AF2B5F8BCB001D76CB /* Project object */;
}
