// !$*UTF8*$!
{
	archiveVersion = 1;
	classes = {
	};
	objectVersion = 60;
	objects = {

/* Begin PBXBuildFile section */
		5514CE5E2B65F719006B2700 /* AuthAPI.swift in Sources */ = {isa = PBXBuildFile; fileRef = 5514CE5D2B65F719006B2700 /* AuthAPI.swift */; };
		5514CE602B65F721006B2700 /* AuthService.swift in Sources */ = {isa = PBXBuildFile; fileRef = 5514CE5F2B65F721006B2700 /* AuthService.swift */; };
		5514CE642B65F891006B2700 /* MoyaLoggerPlugin.swift in Sources */ = {isa = PBXBuildFile; fileRef = 5514CE632B65F891006B2700 /* MoyaLoggerPlugin.swift */; };
		552FE1742B6118DE00A4F568 /* ProfileSettingViewContorller.swift in Sources */ = {isa = PBXBuildFile; fileRef = 552FE1732B6118DE00A4F568 /* ProfileSettingViewContorller.swift */; };
		552FE1772B611C1000A4F568 /* KakaoSDK in Frameworks */ = {isa = PBXBuildFile; productRef = 552FE1762B611C1000A4F568 /* KakaoSDK */; };
		552FE1792B611C1000A4F568 /* KakaoSDKAuth in Frameworks */ = {isa = PBXBuildFile; productRef = 552FE1782B611C1000A4F568 /* KakaoSDKAuth */; };
		552FE17B2B611C1000A4F568 /* KakaoSDKUser in Frameworks */ = {isa = PBXBuildFile; productRef = 552FE17A2B611C1000A4F568 /* KakaoSDKUser */; };
		554412902B608CA9001B8CBA /* LoginViewController.swift in Sources */ = {isa = PBXBuildFile; fileRef = 5544128F2B608CA9001B8CBA /* LoginViewController.swift */; };
		554F27412B638EE60050B6D9 /* TokenRequest.swift in Sources */ = {isa = PBXBuildFile; fileRef = 554F27402B638EE60050B6D9 /* TokenRequest.swift */; };
		554F27432B63908E0050B6D9 /* TokenResponse.swift in Sources */ = {isa = PBXBuildFile; fileRef = 554F27422B63908E0050B6D9 /* TokenResponse.swift */; };
		554F27472B6391D80050B6D9 /* RegisterRequest.swift in Sources */ = {isa = PBXBuildFile; fileRef = 554F27462B6391D80050B6D9 /* RegisterRequest.swift */; };
		554F27492B6391E20050B6D9 /* RegisterResponse.swift in Sources */ = {isa = PBXBuildFile; fileRef = 554F27482B6391E20050B6D9 /* RegisterResponse.swift */; };
		556AA2D02B6A3B2B00F2AE79 /* TextField+Extension.swift in Sources */ = {isa = PBXBuildFile; fileRef = 556AA2CF2B6A3B2B00F2AE79 /* TextField+Extension.swift */; };
		557F3EA22B60983A007C7247 /* Button+Extension.swift in Sources */ = {isa = PBXBuildFile; fileRef = 557F3EA12B60983A007C7247 /* Button+Extension.swift */; };
		558601982B6629A6007EA357 /* Const.swift in Sources */ = {isa = PBXBuildFile; fileRef = 558601972B6629A6007EA357 /* Const.swift */; };
		55A097A72B7CC6B400F1D43E /* NetworkErrorUtils.swift in Sources */ = {isa = PBXBuildFile; fileRef = 55A097A62B7CC6B400F1D43E /* NetworkErrorUtils.swift */; };
		55A777632B66262C007FAEBF /* CombineMoya in Frameworks */ = {isa = PBXBuildFile; productRef = 55A777622B66262C007FAEBF /* CombineMoya */; };
		55A777652B66262C007FAEBF /* Moya in Frameworks */ = {isa = PBXBuildFile; productRef = 55A777642B66262C007FAEBF /* Moya */; };
		55A777672B66262C007FAEBF /* ReactiveMoya in Frameworks */ = {isa = PBXBuildFile; productRef = 55A777662B66262C007FAEBF /* ReactiveMoya */; };
		55A777692B66262C007FAEBF /* RxMoya in Frameworks */ = {isa = PBXBuildFile; productRef = 55A777682B66262C007FAEBF /* RxMoya */; };
		55BD1F2B2B8203A6009601AC /* NicknameSearchRequest.swift in Sources */ = {isa = PBXBuildFile; fileRef = 55BD1F2A2B8203A6009601AC /* NicknameSearchRequest.swift */; };
		55BD1F2D2B8203CB009601AC /* NicknameSearchResponse.swift in Sources */ = {isa = PBXBuildFile; fileRef = 55BD1F2C2B8203CB009601AC /* NicknameSearchResponse.swift */; };
		55EC6D812B7DE8530018128D /* FriendshipViewController.swift in Sources */ = {isa = PBXBuildFile; fileRef = 55EC6D802B7DE8530018128D /* FriendshipViewController.swift */; };
		55EC6D852B7DFC7E0018128D /* FriendshipService.swift in Sources */ = {isa = PBXBuildFile; fileRef = 55EC6D842B7DFC7E0018128D /* FriendshipService.swift */; };
		55EC6D872B7DFC8A0018128D /* FriendshipAPI.swift in Sources */ = {isa = PBXBuildFile; fileRef = 55EC6D862B7DFC8A0018128D /* FriendshipAPI.swift */; };
		55EC6D892B7E07CB0018128D /* requestFriendshipResponse.swift in Sources */ = {isa = PBXBuildFile; fileRef = 55EC6D882B7E07CB0018128D /* requestFriendshipResponse.swift */; };
		55EC6D8B2B7E07DA0018128D /* acceptFriendshipResponse.swift in Sources */ = {isa = PBXBuildFile; fileRef = 55EC6D8A2B7E07DA0018128D /* acceptFriendshipResponse.swift */; };
		55EC6D8D2B7E07E50018128D /* getFriendsListResponse.swift in Sources */ = {isa = PBXBuildFile; fileRef = 55EC6D8C2B7E07E50018128D /* getFriendsListResponse.swift */; };
		55EC6D8F2B7E07F10018128D /* getFriendRequestsListResponse.swift in Sources */ = {isa = PBXBuildFile; fileRef = 55EC6D8E2B7E07F10018128D /* getFriendRequestsListResponse.swift */; };
		55EC6D912B7E10A70018128D /* AlertViewController.swift in Sources */ = {isa = PBXBuildFile; fileRef = 55EC6D902B7E10A70018128D /* AlertViewController.swift */; };
		55F42F722B72347800ECDA2E /* GoogleService-Info.plist in Resources */ = {isa = PBXBuildFile; fileRef = 55F42F712B72347800ECDA2E /* GoogleService-Info.plist */; };
		55F42F752B7235B800ECDA2E /* FirebaseMessaging in Frameworks */ = {isa = PBXBuildFile; productRef = 55F42F742B7235B800ECDA2E /* FirebaseMessaging */; };
		BF0EBDDF2B6529D000AEF19D /* AppDelegate.swift in Sources */ = {isa = PBXBuildFile; fileRef = BF7209BA2B5F8BCB001D76CB /* AppDelegate.swift */; };
		BF2FE0242B64C742009C3C73 /* Constants.swift in Sources */ = {isa = PBXBuildFile; fileRef = BF2FE0232B64C742009C3C73 /* Constants.swift */; };
		BF2FE0262B64CBC9009C3C73 /* ScreenTime.swift in Sources */ = {isa = PBXBuildFile; fileRef = BF2FE0252B64CBC9009C3C73 /* ScreenTime.swift */; };
		BF461DEB2B80ADEE00B3C2A2 /* BadgeStatesEnums.swift in Sources */ = {isa = PBXBuildFile; fileRef = BF461DEA2B80ADEE00B3C2A2 /* BadgeStatesEnums.swift */; };
		BF6B12DC2B64B9170031165E /* ScreenTimeInputViewController.swift in Sources */ = {isa = PBXBuildFile; fileRef = BF6B12DB2B64B9170031165E /* ScreenTimeInputViewController.swift */; };
		BF6B12DE2B64B9B40031165E /* CustomUISlider.swift in Sources */ = {isa = PBXBuildFile; fileRef = BF6B12DD2B64B9B40031165E /* CustomUISlider.swift */; };
		BF7181D12B7358CA00ACEA0D /* CategoryDurationRequest.swift in Sources */ = {isa = PBXBuildFile; fileRef = BF7181D02B7358C900ACEA0D /* CategoryDurationRequest.swift */; };
		BF7181D42B749EC400ACEA0D /* ScreenTimeService.swift in Sources */ = {isa = PBXBuildFile; fileRef = BF7181D32B749EC400ACEA0D /* ScreenTimeService.swift */; };
		BF7181D62B74A0F800ACEA0D /* CategoryDurationResponse.swift in Sources */ = {isa = PBXBuildFile; fileRef = BF7181D52B74A0F800ACEA0D /* CategoryDurationResponse.swift */; };
		BF7181D82B74A13100ACEA0D /* ScreenTimeAPI.swift in Sources */ = {isa = PBXBuildFile; fileRef = BF7181D72B74A13100ACEA0D /* ScreenTimeAPI.swift */; };
		BF7181DA2B78E4DD00ACEA0D /* MainViewModel.swift in Sources */ = {isa = PBXBuildFile; fileRef = BF7181D92B78E4DD00ACEA0D /* MainViewModel.swift */; };
		BF7181DD2B7A2EB300ACEA0D /* UserService.swift in Sources */ = {isa = PBXBuildFile; fileRef = BF7181DC2B7A2EB300ACEA0D /* UserService.swift */; };
		BF7181DF2B7A2EBB00ACEA0D /* UserAPI.swift in Sources */ = {isa = PBXBuildFile; fileRef = BF7181DE2B7A2EBB00ACEA0D /* UserAPI.swift */; };
		BF7181E42B7A2F8900ACEA0D /* UserResponse.swift in Sources */ = {isa = PBXBuildFile; fileRef = BF7181E32B7A2F8900ACEA0D /* UserResponse.swift */; };
		BF7181E62B7B56D600ACEA0D /* DateFormatter+Extension.swift in Sources */ = {isa = PBXBuildFile; fileRef = BF7181E52B7B56D600ACEA0D /* DateFormatter+Extension.swift */; };
		BF7181E92B7E2B7E00ACEA0D /* BadgeView.swift in Sources */ = {isa = PBXBuildFile; fileRef = BF7181E82B7E2B7E00ACEA0D /* BadgeView.swift */; };
		BF7181EB2B7E2ECF00ACEA0D /* BadgeCollectionViewCell.swift in Sources */ = {isa = PBXBuildFile; fileRef = BF7181EA2B7E2ECF00ACEA0D /* BadgeCollectionViewCell.swift */; };
		BF7181F42B7F11EA00ACEA0D /* RootViewController.swift in Sources */ = {isa = PBXBuildFile; fileRef = BF7181F32B7F11EA00ACEA0D /* RootViewController.swift */; };
		BF7181F62B7F426800ACEA0D /* DailyView.swift in Sources */ = {isa = PBXBuildFile; fileRef = BF7181F52B7F426800ACEA0D /* DailyView.swift */; };
		BF7209BD2B5F8BCB001D76CB /* SceneDelegate.swift in Sources */ = {isa = PBXBuildFile; fileRef = BF7209BC2B5F8BCB001D76CB /* SceneDelegate.swift */; };
		BF7209C42B5F8BCD001D76CB /* Assets.xcassets in Resources */ = {isa = PBXBuildFile; fileRef = BF7209C32B5F8BCD001D76CB /* Assets.xcassets */; };
		BF7209C72B5F8BCD001D76CB /* LaunchScreen.storyboard in Resources */ = {isa = PBXBuildFile; fileRef = BF7209C52B5F8BCD001D76CB /* LaunchScreen.storyboard */; };
		BF7209D22B5F8BCE001D76CB /* Wetox_iOSTests.swift in Sources */ = {isa = PBXBuildFile; fileRef = BF7209D12B5F8BCE001D76CB /* Wetox_iOSTests.swift */; };
		BF7209DC2B5F8BCE001D76CB /* Wetox_iOSUITests.swift in Sources */ = {isa = PBXBuildFile; fileRef = BF7209DB2B5F8BCE001D76CB /* Wetox_iOSUITests.swift */; };
		BF7209DE2B5F8BCE001D76CB /* Wetox_iOSUITestsLaunchTests.swift in Sources */ = {isa = PBXBuildFile; fileRef = BF7209DD2B5F8BCE001D76CB /* Wetox_iOSUITestsLaunchTests.swift */; };
		BF7209EE2B5F8CB6001D76CB /* Label+Extension.swift in Sources */ = {isa = PBXBuildFile; fileRef = BF7209ED2B5F8CB6001D76CB /* Label+Extension.swift */; };
		BF7209F02B5F8CCB001D76CB /* Color+Extension.swift in Sources */ = {isa = PBXBuildFile; fileRef = BF7209EF2B5F8CCB001D76CB /* Color+Extension.swift */; };
		BF7209F32B5F9221001D76CB /* SnapKit in Frameworks */ = {isa = PBXBuildFile; productRef = BF7209F22B5F9221001D76CB /* SnapKit */; };
		BF7209F52B5F923F001D76CB /* FriendsCollectionViewCell.swift in Sources */ = {isa = PBXBuildFile; fileRef = BF7209F42B5F923F001D76CB /* FriendsCollectionViewCell.swift */; };
		BF7209F72B5F926B001D76CB /* CircularProgressBar.swift in Sources */ = {isa = PBXBuildFile; fileRef = BF7209F62B5F926B001D76CB /* CircularProgressBar.swift */; };
		BF7209FA2B5F928D001D76CB /* RxCocoa in Frameworks */ = {isa = PBXBuildFile; productRef = BF7209F92B5F928D001D76CB /* RxCocoa */; };
		BF7209FC2B5F928D001D76CB /* RxRelay in Frameworks */ = {isa = PBXBuildFile; productRef = BF7209FB2B5F928D001D76CB /* RxRelay */; };
		BF7209FE2B5F928D001D76CB /* RxSwift in Frameworks */ = {isa = PBXBuildFile; productRef = BF7209FD2B5F928D001D76CB /* RxSwift */; };
		BF8DA31F2B85E520001957C2 /* BadgeService.swift in Sources */ = {isa = PBXBuildFile; fileRef = BF8DA31E2B85E520001957C2 /* BadgeService.swift */; };
		BF8DA3212B85E595001957C2 /* BadgeAPI.swift in Sources */ = {isa = PBXBuildFile; fileRef = BF8DA3202B85E595001957C2 /* BadgeAPI.swift */; };
		BF8DA3262B85FF7E001957C2 /* BadgeResponse.swift in Sources */ = {isa = PBXBuildFile; fileRef = BF8DA3252B85FF7E001957C2 /* BadgeResponse.swift */; };
		BF8DA3282B860691001957C2 /* BadgeViewModel.swift in Sources */ = {isa = PBXBuildFile; fileRef = BF8DA3272B860691001957C2 /* BadgeViewModel.swift */; };
		BFB317A32B665744007F0A9A /* StrokeLabel.swift in Sources */ = {isa = PBXBuildFile; fileRef = BFB317A22B665744007F0A9A /* StrokeLabel.swift */; };
		BFB317A52B6666AF007F0A9A /* TimeConverter.swift in Sources */ = {isa = PBXBuildFile; fileRef = BFB317A42B6666AF007F0A9A /* TimeConverter.swift */; };
		BFB317A82B666962007F0A9A /* ScreenTimeInputViewModel.swift in Sources */ = {isa = PBXBuildFile; fileRef = BFB317A72B666962007F0A9A /* ScreenTimeInputViewModel.swift */; };
		BFB317AA2B669358007F0A9A /* BottomSheetView.swift in Sources */ = {isa = PBXBuildFile; fileRef = BFB317A92B669358007F0A9A /* BottomSheetView.swift */; };
		BFB317AC2B6693A4007F0A9A /* View+Extension.swift in Sources */ = {isa = PBXBuildFile; fileRef = BFB317AB2B6693A4007F0A9A /* View+Extension.swift */; };
/* End PBXBuildFile section */

/* Begin PBXContainerItemProxy section */
		BF7209CE2B5F8BCE001D76CB /* PBXContainerItemProxy */ = {
			isa = PBXContainerItemProxy;
			containerPortal = BF7209AF2B5F8BCB001D76CB /* Project object */;
			proxyType = 1;
			remoteGlobalIDString = BF7209B62B5F8BCB001D76CB;
			remoteInfo = "Wetox-iOS";
		};
		BF7209D82B5F8BCE001D76CB /* PBXContainerItemProxy */ = {
			isa = PBXContainerItemProxy;
			containerPortal = BF7209AF2B5F8BCB001D76CB /* Project object */;
			proxyType = 1;
			remoteGlobalIDString = BF7209B62B5F8BCB001D76CB;
			remoteInfo = "Wetox-iOS";
		};
/* End PBXContainerItemProxy section */

/* Begin PBXFileReference section */
		5514CE5D2B65F719006B2700 /* AuthAPI.swift */ = {isa = PBXFileReference; lastKnownFileType = sourcecode.swift; path = AuthAPI.swift; sourceTree = "<group>"; };
		5514CE5F2B65F721006B2700 /* AuthService.swift */ = {isa = PBXFileReference; lastKnownFileType = sourcecode.swift; path = AuthService.swift; sourceTree = "<group>"; };
		5514CE632B65F891006B2700 /* MoyaLoggerPlugin.swift */ = {isa = PBXFileReference; lastKnownFileType = sourcecode.swift; path = MoyaLoggerPlugin.swift; sourceTree = "<group>"; };
		552FE1732B6118DE00A4F568 /* ProfileSettingViewContorller.swift */ = {isa = PBXFileReference; lastKnownFileType = sourcecode.swift; path = ProfileSettingViewContorller.swift; sourceTree = "<group>"; };
		5544128F2B608CA9001B8CBA /* LoginViewController.swift */ = {isa = PBXFileReference; lastKnownFileType = sourcecode.swift; path = LoginViewController.swift; sourceTree = "<group>"; };
		554F27402B638EE60050B6D9 /* TokenRequest.swift */ = {isa = PBXFileReference; lastKnownFileType = sourcecode.swift; path = TokenRequest.swift; sourceTree = "<group>"; };
		554F27422B63908E0050B6D9 /* TokenResponse.swift */ = {isa = PBXFileReference; lastKnownFileType = sourcecode.swift; path = TokenResponse.swift; sourceTree = "<group>"; };
		554F27462B6391D80050B6D9 /* RegisterRequest.swift */ = {isa = PBXFileReference; lastKnownFileType = sourcecode.swift; path = RegisterRequest.swift; sourceTree = "<group>"; };
		554F27482B6391E20050B6D9 /* RegisterResponse.swift */ = {isa = PBXFileReference; lastKnownFileType = sourcecode.swift; path = RegisterResponse.swift; sourceTree = "<group>"; };
		556AA2CF2B6A3B2B00F2AE79 /* TextField+Extension.swift */ = {isa = PBXFileReference; lastKnownFileType = sourcecode.swift; path = "TextField+Extension.swift"; sourceTree = "<group>"; };
		557F3EA12B60983A007C7247 /* Button+Extension.swift */ = {isa = PBXFileReference; lastKnownFileType = sourcecode.swift; path = "Button+Extension.swift"; sourceTree = "<group>"; };
		558601972B6629A6007EA357 /* Const.swift */ = {isa = PBXFileReference; lastKnownFileType = sourcecode.swift; path = Const.swift; sourceTree = "<group>"; };
		55A097A62B7CC6B400F1D43E /* NetworkErrorUtils.swift */ = {isa = PBXFileReference; lastKnownFileType = sourcecode.swift; path = NetworkErrorUtils.swift; sourceTree = "<group>"; };
		55BD1F2A2B8203A6009601AC /* NicknameSearchRequest.swift */ = {isa = PBXFileReference; lastKnownFileType = sourcecode.swift; path = NicknameSearchRequest.swift; sourceTree = "<group>"; };
		55BD1F2C2B8203CB009601AC /* NicknameSearchResponse.swift */ = {isa = PBXFileReference; lastKnownFileType = sourcecode.swift; path = NicknameSearchResponse.swift; sourceTree = "<group>"; };
		55EA5F432B72368F00788E0A /* Wetox-iOS.entitlements */ = {isa = PBXFileReference; lastKnownFileType = text.plist.entitlements; path = "Wetox-iOS.entitlements"; sourceTree = "<group>"; };
		55EC6D802B7DE8530018128D /* FriendshipViewController.swift */ = {isa = PBXFileReference; lastKnownFileType = sourcecode.swift; path = FriendshipViewController.swift; sourceTree = "<group>"; };
		55EC6D842B7DFC7E0018128D /* FriendshipService.swift */ = {isa = PBXFileReference; lastKnownFileType = sourcecode.swift; path = FriendshipService.swift; sourceTree = "<group>"; };
		55EC6D862B7DFC8A0018128D /* FriendshipAPI.swift */ = {isa = PBXFileReference; lastKnownFileType = sourcecode.swift; path = FriendshipAPI.swift; sourceTree = "<group>"; };
		55EC6D882B7E07CB0018128D /* requestFriendshipResponse.swift */ = {isa = PBXFileReference; lastKnownFileType = sourcecode.swift; path = requestFriendshipResponse.swift; sourceTree = "<group>"; };
		55EC6D8A2B7E07DA0018128D /* acceptFriendshipResponse.swift */ = {isa = PBXFileReference; lastKnownFileType = sourcecode.swift; path = acceptFriendshipResponse.swift; sourceTree = "<group>"; };
		55EC6D8C2B7E07E50018128D /* getFriendsListResponse.swift */ = {isa = PBXFileReference; lastKnownFileType = sourcecode.swift; path = getFriendsListResponse.swift; sourceTree = "<group>"; };
		55EC6D8E2B7E07F10018128D /* getFriendRequestsListResponse.swift */ = {isa = PBXFileReference; lastKnownFileType = sourcecode.swift; path = getFriendRequestsListResponse.swift; sourceTree = "<group>"; };
		55EC6D902B7E10A70018128D /* AlertViewController.swift */ = {isa = PBXFileReference; lastKnownFileType = sourcecode.swift; path = AlertViewController.swift; sourceTree = "<group>"; };
		55F42F712B72347800ECDA2E /* GoogleService-Info.plist */ = {isa = PBXFileReference; fileEncoding = 4; lastKnownFileType = text.plist.xml; path = "GoogleService-Info.plist"; sourceTree = "<group>"; };
		BF2FE0232B64C742009C3C73 /* Constants.swift */ = {isa = PBXFileReference; lastKnownFileType = sourcecode.swift; path = Constants.swift; sourceTree = "<group>"; };
		BF2FE0252B64CBC9009C3C73 /* ScreenTime.swift */ = {isa = PBXFileReference; lastKnownFileType = sourcecode.swift; path = ScreenTime.swift; sourceTree = "<group>"; };
		BF461DEA2B80ADEE00B3C2A2 /* BadgeStatesEnums.swift */ = {isa = PBXFileReference; lastKnownFileType = sourcecode.swift; path = BadgeStatesEnums.swift; sourceTree = "<group>"; };
		BF6B12DB2B64B9170031165E /* ScreenTimeInputViewController.swift */ = {isa = PBXFileReference; lastKnownFileType = sourcecode.swift; path = ScreenTimeInputViewController.swift; sourceTree = "<group>"; };
		BF6B12DD2B64B9B40031165E /* CustomUISlider.swift */ = {isa = PBXFileReference; lastKnownFileType = sourcecode.swift; path = CustomUISlider.swift; sourceTree = "<group>"; };
		BF7181D02B7358C900ACEA0D /* CategoryDurationRequest.swift */ = {isa = PBXFileReference; lastKnownFileType = sourcecode.swift; path = CategoryDurationRequest.swift; sourceTree = "<group>"; };
		BF7181D32B749EC400ACEA0D /* ScreenTimeService.swift */ = {isa = PBXFileReference; lastKnownFileType = sourcecode.swift; path = ScreenTimeService.swift; sourceTree = "<group>"; };
		BF7181D52B74A0F800ACEA0D /* CategoryDurationResponse.swift */ = {isa = PBXFileReference; lastKnownFileType = sourcecode.swift; path = CategoryDurationResponse.swift; sourceTree = "<group>"; };
		BF7181D72B74A13100ACEA0D /* ScreenTimeAPI.swift */ = {isa = PBXFileReference; lastKnownFileType = sourcecode.swift; path = ScreenTimeAPI.swift; sourceTree = "<group>"; };
		BF7181D92B78E4DD00ACEA0D /* MainViewModel.swift */ = {isa = PBXFileReference; lastKnownFileType = sourcecode.swift; path = MainViewModel.swift; sourceTree = "<group>"; };
		BF7181DC2B7A2EB300ACEA0D /* UserService.swift */ = {isa = PBXFileReference; lastKnownFileType = sourcecode.swift; path = UserService.swift; sourceTree = "<group>"; };
		BF7181DE2B7A2EBB00ACEA0D /* UserAPI.swift */ = {isa = PBXFileReference; lastKnownFileType = sourcecode.swift; path = UserAPI.swift; sourceTree = "<group>"; };
		BF7181E32B7A2F8900ACEA0D /* UserResponse.swift */ = {isa = PBXFileReference; lastKnownFileType = sourcecode.swift; path = UserResponse.swift; sourceTree = "<group>"; };
		BF7181E52B7B56D600ACEA0D /* DateFormatter+Extension.swift */ = {isa = PBXFileReference; lastKnownFileType = sourcecode.swift; path = "DateFormatter+Extension.swift"; sourceTree = "<group>"; };
		BF7181E82B7E2B7E00ACEA0D /* BadgeView.swift */ = {isa = PBXFileReference; lastKnownFileType = sourcecode.swift; path = BadgeView.swift; sourceTree = "<group>"; };
		BF7181EA2B7E2ECF00ACEA0D /* BadgeCollectionViewCell.swift */ = {isa = PBXFileReference; lastKnownFileType = sourcecode.swift; path = BadgeCollectionViewCell.swift; sourceTree = "<group>"; };
		BF7181F32B7F11EA00ACEA0D /* RootViewController.swift */ = {isa = PBXFileReference; lastKnownFileType = sourcecode.swift; path = RootViewController.swift; sourceTree = "<group>"; };
		BF7181F52B7F426800ACEA0D /* DailyView.swift */ = {isa = PBXFileReference; lastKnownFileType = sourcecode.swift; path = DailyView.swift; sourceTree = "<group>"; };
		BF7209B72B5F8BCB001D76CB /* Wetox-iOS.app */ = {isa = PBXFileReference; explicitFileType = wrapper.application; includeInIndex = 0; path = "Wetox-iOS.app"; sourceTree = BUILT_PRODUCTS_DIR; };
		BF7209BA2B5F8BCB001D76CB /* AppDelegate.swift */ = {isa = PBXFileReference; lastKnownFileType = sourcecode.swift; path = AppDelegate.swift; sourceTree = "<group>"; };
		BF7209BC2B5F8BCB001D76CB /* SceneDelegate.swift */ = {isa = PBXFileReference; lastKnownFileType = sourcecode.swift; path = SceneDelegate.swift; sourceTree = "<group>"; };
		BF7209C32B5F8BCD001D76CB /* Assets.xcassets */ = {isa = PBXFileReference; lastKnownFileType = folder.assetcatalog; path = Assets.xcassets; sourceTree = "<group>"; };
		BF7209C62B5F8BCD001D76CB /* Base */ = {isa = PBXFileReference; lastKnownFileType = file.storyboard; name = Base; path = Base.lproj/LaunchScreen.storyboard; sourceTree = "<group>"; };
		BF7209C82B5F8BCD001D76CB /* Info.plist */ = {isa = PBXFileReference; lastKnownFileType = text.plist.xml; path = Info.plist; sourceTree = "<group>"; };
		BF7209CD2B5F8BCE001D76CB /* Wetox-iOSTests.xctest */ = {isa = PBXFileReference; explicitFileType = wrapper.cfbundle; includeInIndex = 0; path = "Wetox-iOSTests.xctest"; sourceTree = BUILT_PRODUCTS_DIR; };
		BF7209D12B5F8BCE001D76CB /* Wetox_iOSTests.swift */ = {isa = PBXFileReference; lastKnownFileType = sourcecode.swift; path = Wetox_iOSTests.swift; sourceTree = "<group>"; };
		BF7209D72B5F8BCE001D76CB /* Wetox-iOSUITests.xctest */ = {isa = PBXFileReference; explicitFileType = wrapper.cfbundle; includeInIndex = 0; path = "Wetox-iOSUITests.xctest"; sourceTree = BUILT_PRODUCTS_DIR; };
		BF7209DB2B5F8BCE001D76CB /* Wetox_iOSUITests.swift */ = {isa = PBXFileReference; lastKnownFileType = sourcecode.swift; path = Wetox_iOSUITests.swift; sourceTree = "<group>"; };
		BF7209DD2B5F8BCE001D76CB /* Wetox_iOSUITestsLaunchTests.swift */ = {isa = PBXFileReference; lastKnownFileType = sourcecode.swift; path = Wetox_iOSUITestsLaunchTests.swift; sourceTree = "<group>"; };
		BF7209ED2B5F8CB6001D76CB /* Label+Extension.swift */ = {isa = PBXFileReference; lastKnownFileType = sourcecode.swift; path = "Label+Extension.swift"; sourceTree = "<group>"; };
		BF7209EF2B5F8CCB001D76CB /* Color+Extension.swift */ = {isa = PBXFileReference; lastKnownFileType = sourcecode.swift; path = "Color+Extension.swift"; sourceTree = "<group>"; };
		BF7209F42B5F923F001D76CB /* FriendsCollectionViewCell.swift */ = {isa = PBXFileReference; lastKnownFileType = sourcecode.swift; path = FriendsCollectionViewCell.swift; sourceTree = "<group>"; };
		BF7209F62B5F926B001D76CB /* CircularProgressBar.swift */ = {isa = PBXFileReference; lastKnownFileType = sourcecode.swift; path = CircularProgressBar.swift; sourceTree = "<group>"; };
		BF8DA31E2B85E520001957C2 /* BadgeService.swift */ = {isa = PBXFileReference; lastKnownFileType = sourcecode.swift; path = BadgeService.swift; sourceTree = "<group>"; };
		BF8DA3202B85E595001957C2 /* BadgeAPI.swift */ = {isa = PBXFileReference; lastKnownFileType = sourcecode.swift; path = BadgeAPI.swift; sourceTree = "<group>"; };
		BF8DA3252B85FF7E001957C2 /* BadgeResponse.swift */ = {isa = PBXFileReference; lastKnownFileType = sourcecode.swift; path = BadgeResponse.swift; sourceTree = "<group>"; };
		BF8DA3272B860691001957C2 /* BadgeViewModel.swift */ = {isa = PBXFileReference; lastKnownFileType = sourcecode.swift; path = BadgeViewModel.swift; sourceTree = "<group>"; };
		BFB317A22B665744007F0A9A /* StrokeLabel.swift */ = {isa = PBXFileReference; lastKnownFileType = sourcecode.swift; path = StrokeLabel.swift; sourceTree = "<group>"; };
		BFB317A42B6666AF007F0A9A /* TimeConverter.swift */ = {isa = PBXFileReference; lastKnownFileType = sourcecode.swift; path = TimeConverter.swift; sourceTree = "<group>"; };
		BFB317A72B666962007F0A9A /* ScreenTimeInputViewModel.swift */ = {isa = PBXFileReference; lastKnownFileType = sourcecode.swift; path = ScreenTimeInputViewModel.swift; sourceTree = "<group>"; };
		BFB317A92B669358007F0A9A /* BottomSheetView.swift */ = {isa = PBXFileReference; lastKnownFileType = sourcecode.swift; path = BottomSheetView.swift; sourceTree = "<group>"; };
		BFB317AB2B6693A4007F0A9A /* View+Extension.swift */ = {isa = PBXFileReference; lastKnownFileType = sourcecode.swift; path = "View+Extension.swift"; sourceTree = "<group>"; };
/* End PBXFileReference section */

/* Begin PBXFrameworksBuildPhase section */
		BF7209B42B5F8BCB001D76CB /* Frameworks */ = {
			isa = PBXFrameworksBuildPhase;
			buildActionMask = 2147483647;
			files = (
				55F42F752B7235B800ECDA2E /* FirebaseMessaging in Frameworks */,
				BF7209FC2B5F928D001D76CB /* RxRelay in Frameworks */,
				552FE1772B611C1000A4F568 /* KakaoSDK in Frameworks */,
				55A777652B66262C007FAEBF /* Moya in Frameworks */,
				55A777692B66262C007FAEBF /* RxMoya in Frameworks */,
				55A777672B66262C007FAEBF /* ReactiveMoya in Frameworks */,
				BF7209FA2B5F928D001D76CB /* RxCocoa in Frameworks */,
				552FE17B2B611C1000A4F568 /* KakaoSDKUser in Frameworks */,
				BF7209FE2B5F928D001D76CB /* RxSwift in Frameworks */,
				BF7209F32B5F9221001D76CB /* SnapKit in Frameworks */,
				55A777632B66262C007FAEBF /* CombineMoya in Frameworks */,
				552FE1792B611C1000A4F568 /* KakaoSDKAuth in Frameworks */,
			);
			runOnlyForDeploymentPostprocessing = 0;
		};
		BF7209CA2B5F8BCE001D76CB /* Frameworks */ = {
			isa = PBXFrameworksBuildPhase;
			buildActionMask = 2147483647;
			files = (
			);
			runOnlyForDeploymentPostprocessing = 0;
		};
		BF7209D42B5F8BCE001D76CB /* Frameworks */ = {
			isa = PBXFrameworksBuildPhase;
			buildActionMask = 2147483647;
			files = (
			);
			runOnlyForDeploymentPostprocessing = 0;
		};
/* End PBXFrameworksBuildPhase section */

/* Begin PBXGroup section */
		5514CE5B2B65F6F8006B2700 /* NetworkService */ = {
			isa = PBXGroup;
			children = (
				55A097A62B7CC6B400F1D43E /* NetworkErrorUtils.swift */,
				BF8DA31D2B85E50F001957C2 /* Badge */,
				55EC6D822B7DE8860018128D /* Friendship */,
				BF7181DB2B7A2EA500ACEA0D /* User */,
				BF7181D22B749EA800ACEA0D /* ScreenTime */,
				5514CE622B65F87F006B2700 /* Plugin */,
				5514CE5C2B65F704006B2700 /* Auth */,
			);
			path = NetworkService;
			sourceTree = "<group>";
		};
		5514CE5C2B65F704006B2700 /* Auth */ = {
			isa = PBXGroup;
			children = (
				5514CE5F2B65F721006B2700 /* AuthService.swift */,
				5514CE5D2B65F719006B2700 /* AuthAPI.swift */,
			);
			path = Auth;
			sourceTree = "<group>";
		};
		5514CE622B65F87F006B2700 /* Plugin */ = {
			isa = PBXGroup;
			children = (
				5514CE632B65F891006B2700 /* MoyaLoggerPlugin.swift */,
			);
			path = Plugin;
			sourceTree = "<group>";
		};
		554F273E2B638ECF0050B6D9 /* NetworkModel */ = {
			isa = PBXGroup;
			children = (
				BF8DA3222B85FD77001957C2 /* Badge */,
				55EC6D832B7DE88E0018128D /* Friendship */,
				BF7181E02B7A2F6E00ACEA0D /* User */,
				BF7181CF2B73588800ACEA0D /* ScreenTime */,
				554F27442B6390BE0050B6D9 /* Auth */,
				558601972B6629A6007EA357 /* Const.swift */,
			);
			path = NetworkModel;
			sourceTree = "<group>";
		};
		554F273F2B638EDA0050B6D9 /* Token */ = {
			isa = PBXGroup;
			children = (
				554F27402B638EE60050B6D9 /* TokenRequest.swift */,
				554F27422B63908E0050B6D9 /* TokenResponse.swift */,
			);
			path = Token;
			sourceTree = "<group>";
		};
		554F27442B6390BE0050B6D9 /* Auth */ = {
			isa = PBXGroup;
			children = (
				554F27452B63919D0050B6D9 /* Register */,
				554F273F2B638EDA0050B6D9 /* Token */,
			);
			path = Auth;
			sourceTree = "<group>";
		};
		554F27452B63919D0050B6D9 /* Register */ = {
			isa = PBXGroup;
			children = (
				554F27462B6391D80050B6D9 /* RegisterRequest.swift */,
				554F27482B6391E20050B6D9 /* RegisterResponse.swift */,
			);
			path = Register;
			sourceTree = "<group>";
		};
		55EC6D822B7DE8860018128D /* Friendship */ = {
			isa = PBXGroup;
			children = (
				55EC6D842B7DFC7E0018128D /* FriendshipService.swift */,
				55EC6D862B7DFC8A0018128D /* FriendshipAPI.swift */,
			);
			path = Friendship;
			sourceTree = "<group>";
		};
		55EC6D832B7DE88E0018128D /* Friendship */ = {
			isa = PBXGroup;
			children = (
				55EC6D882B7E07CB0018128D /* requestFriendshipResponse.swift */,
				55EC6D8A2B7E07DA0018128D /* acceptFriendshipResponse.swift */,
				55EC6D8C2B7E07E50018128D /* getFriendsListResponse.swift */,
				55EC6D8E2B7E07F10018128D /* getFriendRequestsListResponse.swift */,
			);
			path = Friendship;
			sourceTree = "<group>";
		};
		BF2FE0222B64C731009C3C73 /* Utility */ = {
			isa = PBXGroup;
			children = (
				BF2FE0232B64C742009C3C73 /* Constants.swift */,
				BFB317A22B665744007F0A9A /* StrokeLabel.swift */,
				BFB317A42B6666AF007F0A9A /* TimeConverter.swift */,
			);
			path = Utility;
			sourceTree = "<group>";
		};
		BF461DE92B80AD9600B3C2A2 /* Enums */ = {
			isa = PBXGroup;
			children = (
				BF461DEA2B80ADEE00B3C2A2 /* BadgeStatesEnums.swift */,
			);
			path = Enums;
			sourceTree = "<group>";
		};
		BF6B12DA2B64B8FF0031165E /* ScreenTimeInputView */ = {
			isa = PBXGroup;
			children = (
				BF6B12DB2B64B9170031165E /* ScreenTimeInputViewController.swift */,
				BF6B12DD2B64B9B40031165E /* CustomUISlider.swift */,
			);
			path = ScreenTimeInputView;
			sourceTree = "<group>";
		};
		BF7181CF2B73588800ACEA0D /* ScreenTime */ = {
			isa = PBXGroup;
			children = (
				BF7181D02B7358C900ACEA0D /* CategoryDurationRequest.swift */,
				BF7181D52B74A0F800ACEA0D /* CategoryDurationResponse.swift */,
			);
			path = ScreenTime;
			sourceTree = "<group>";
		};
		BF7181D22B749EA800ACEA0D /* ScreenTime */ = {
			isa = PBXGroup;
			children = (
				BF7181D32B749EC400ACEA0D /* ScreenTimeService.swift */,
				BF7181D72B74A13100ACEA0D /* ScreenTimeAPI.swift */,
			);
			path = ScreenTime;
			sourceTree = "<group>";
		};
		BF7181DB2B7A2EA500ACEA0D /* User */ = {
			isa = PBXGroup;
			children = (
				BF7181DC2B7A2EB300ACEA0D /* UserService.swift */,
				BF7181DE2B7A2EBB00ACEA0D /* UserAPI.swift */,
			);
			path = User;
			sourceTree = "<group>";
		};
		BF7181E02B7A2F6E00ACEA0D /* User */ = {
			isa = PBXGroup;
			children = (
				BF7181E32B7A2F8900ACEA0D /* UserResponse.swift */,
				55BD1F2A2B8203A6009601AC /* NicknameSearchRequest.swift */,
				55BD1F2C2B8203CB009601AC /* NicknameSearchResponse.swift */,
			);
			path = User;
			sourceTree = "<group>";
		};
		BF7181E72B7E2B6C00ACEA0D /* Badge */ = {
			isa = PBXGroup;
			children = (
				BF7181E82B7E2B7E00ACEA0D /* BadgeView.swift */,
				BF7181EA2B7E2ECF00ACEA0D /* BadgeCollectionViewCell.swift */,
			);
			path = Badge;
			sourceTree = "<group>";
		};
		BF7181EE2B7F0FC200ACEA0D /* DailyViewController */ = {
			isa = PBXGroup;
			children = (
				BF7181F52B7F426800ACEA0D /* DailyView.swift */,
				BF7209F42B5F923F001D76CB /* FriendsCollectionViewCell.swift */,
				BF7209F62B5F926B001D76CB /* CircularProgressBar.swift */,
				BFB317A92B669358007F0A9A /* BottomSheetView.swift */,
			);
			path = DailyViewController;
			sourceTree = "<group>";
		};
		BF7181F22B7F11DD00ACEA0D /* RootView */ = {
			isa = PBXGroup;
			children = (
				BF7181F32B7F11EA00ACEA0D /* RootViewController.swift */,
			);
			path = RootView;
			sourceTree = "<group>";
		};
		BF7209AE2B5F8BCB001D76CB = {
			isa = PBXGroup;
			children = (
				BF7209B92B5F8BCB001D76CB /* Wetox-iOS */,
				BF7209D02B5F8BCE001D76CB /* Wetox-iOSTests */,
				BF7209DA2B5F8BCE001D76CB /* Wetox-iOSUITests */,
				BF7209B82B5F8BCB001D76CB /* Products */,
			);
			sourceTree = "<group>";
		};
		BF7209B82B5F8BCB001D76CB /* Products */ = {
			isa = PBXGroup;
			children = (
				BF7209B72B5F8BCB001D76CB /* Wetox-iOS.app */,
				BF7209CD2B5F8BCE001D76CB /* Wetox-iOSTests.xctest */,
				BF7209D72B5F8BCE001D76CB /* Wetox-iOSUITests.xctest */,
			);
			name = Products;
			sourceTree = "<group>";
		};
		BF7209B92B5F8BCB001D76CB /* Wetox-iOS */ = {
			isa = PBXGroup;
			children = (
				BF461DE92B80AD9600B3C2A2 /* Enums */,
				55EA5F432B72368F00788E0A /* Wetox-iOS.entitlements */,
				5514CE5B2B65F6F8006B2700 /* NetworkService */,
				554F273E2B638ECF0050B6D9 /* NetworkModel */,
				BFB317A62B666953007F0A9A /* ViewModel */,
				BF2FE0222B64C731009C3C73 /* Utility */,
				BF7209EC2B5F8C9B001D76CB /* Model */,
				BF7209EB2B5F8C95001D76CB /* View */,
				BF7209EA2B5F8C8F001D76CB /* Extension */,
				BF7209BA2B5F8BCB001D76CB /* AppDelegate.swift */,
				BF7209BC2B5F8BCB001D76CB /* SceneDelegate.swift */,
				BF7209C32B5F8BCD001D76CB /* Assets.xcassets */,
				BF7209C52B5F8BCD001D76CB /* LaunchScreen.storyboard */,
				BF7209C82B5F8BCD001D76CB /* Info.plist */,
				55F42F712B72347800ECDA2E /* GoogleService-Info.plist */,
			);
			path = "Wetox-iOS";
			sourceTree = "<group>";
		};
		BF7209D02B5F8BCE001D76CB /* Wetox-iOSTests */ = {
			isa = PBXGroup;
			children = (
				BF7209D12B5F8BCE001D76CB /* Wetox_iOSTests.swift */,
			);
			path = "Wetox-iOSTests";
			sourceTree = "<group>";
		};
		BF7209DA2B5F8BCE001D76CB /* Wetox-iOSUITests */ = {
			isa = PBXGroup;
			children = (
				BF7209DB2B5F8BCE001D76CB /* Wetox_iOSUITests.swift */,
				BF7209DD2B5F8BCE001D76CB /* Wetox_iOSUITestsLaunchTests.swift */,
			);
			path = "Wetox-iOSUITests";
			sourceTree = "<group>";
		};
		BF7209EA2B5F8C8F001D76CB /* Extension */ = {
			isa = PBXGroup;
			children = (
				BF7209ED2B5F8CB6001D76CB /* Label+Extension.swift */,
				BF7209EF2B5F8CCB001D76CB /* Color+Extension.swift */,
				557F3EA12B60983A007C7247 /* Button+Extension.swift */,
				BFB317AB2B6693A4007F0A9A /* View+Extension.swift */,
				556AA2CF2B6A3B2B00F2AE79 /* TextField+Extension.swift */,
				BF7181E52B7B56D600ACEA0D /* DateFormatter+Extension.swift */,
			);
			path = Extension;
			sourceTree = "<group>";
		};
		BF7209EB2B5F8C95001D76CB /* View */ = {
			isa = PBXGroup;
			children = (
				BF7181F22B7F11DD00ACEA0D /* RootView */,
				BF7181EE2B7F0FC200ACEA0D /* DailyViewController */,
				BF7181E72B7E2B6C00ACEA0D /* Badge */,
				BF6B12DA2B64B8FF0031165E /* ScreenTimeInputView */,
				5544128F2B608CA9001B8CBA /* LoginViewController.swift */,
				55EC6D902B7E10A70018128D /* AlertViewController.swift */,
				55EC6D802B7DE8530018128D /* FriendshipViewController.swift */,
				552FE1732B6118DE00A4F568 /* ProfileSettingViewContorller.swift */,
			);
			path = View;
			sourceTree = "<group>";
		};
		BF7209EC2B5F8C9B001D76CB /* Model */ = {
			isa = PBXGroup;
			children = (
				BF2FE0252B64CBC9009C3C73 /* ScreenTime.swift */,
			);
			path = Model;
			sourceTree = "<group>";
		};
		BF8DA31D2B85E50F001957C2 /* Badge */ = {
			isa = PBXGroup;
			children = (
				BF8DA31E2B85E520001957C2 /* BadgeService.swift */,
				BF8DA3202B85E595001957C2 /* BadgeAPI.swift */,
			);
			path = Badge;
			sourceTree = "<group>";
		};
		BF8DA3222B85FD77001957C2 /* Badge */ = {
			isa = PBXGroup;
			children = (
				BF8DA3252B85FF7E001957C2 /* BadgeResponse.swift */,
			);
			path = Badge;
			sourceTree = "<group>";
		};
		BFB317A62B666953007F0A9A /* ViewModel */ = {
			isa = PBXGroup;
			children = (
				BFB317A72B666962007F0A9A /* ScreenTimeInputViewModel.swift */,
				BF7181D92B78E4DD00ACEA0D /* MainViewModel.swift */,
				BF8DA3272B860691001957C2 /* BadgeViewModel.swift */,
			);
			path = ViewModel;
			sourceTree = "<group>";
		};
/* End PBXGroup section */

/* Begin PBXNativeTarget section */
		BF7209B62B5F8BCB001D76CB /* Wetox-iOS */ = {
			isa = PBXNativeTarget;
			buildConfigurationList = BF7209E12B5F8BCE001D76CB /* Build configuration list for PBXNativeTarget "Wetox-iOS" */;
			buildPhases = (
				BF7209B32B5F8BCB001D76CB /* Sources */,
				BF7209B42B5F8BCB001D76CB /* Frameworks */,
				BF7209B52B5F8BCB001D76CB /* Resources */,
			);
			buildRules = (
			);
			dependencies = (
			);
			name = "Wetox-iOS";
			packageProductDependencies = (
				BF7209F22B5F9221001D76CB /* SnapKit */,
				BF7209F92B5F928D001D76CB /* RxCocoa */,
				BF7209FB2B5F928D001D76CB /* RxRelay */,
				BF7209FD2B5F928D001D76CB /* RxSwift */,
				552FE1762B611C1000A4F568 /* KakaoSDK */,
				552FE1782B611C1000A4F568 /* KakaoSDKAuth */,
				552FE17A2B611C1000A4F568 /* KakaoSDKUser */,
				55A777622B66262C007FAEBF /* CombineMoya */,
				55A777642B66262C007FAEBF /* Moya */,
				55A777662B66262C007FAEBF /* ReactiveMoya */,
				55A777682B66262C007FAEBF /* RxMoya */,
				55F42F742B7235B800ECDA2E /* FirebaseMessaging */,
			);
			productName = "Wetox-iOS";
			productReference = BF7209B72B5F8BCB001D76CB /* Wetox-iOS.app */;
			productType = "com.apple.product-type.application";
		};
		BF7209CC2B5F8BCE001D76CB /* Wetox-iOSTests */ = {
			isa = PBXNativeTarget;
			buildConfigurationList = BF7209E42B5F8BCE001D76CB /* Build configuration list for PBXNativeTarget "Wetox-iOSTests" */;
			buildPhases = (
				BF7209C92B5F8BCE001D76CB /* Sources */,
				BF7209CA2B5F8BCE001D76CB /* Frameworks */,
				BF7209CB2B5F8BCE001D76CB /* Resources */,
			);
			buildRules = (
			);
			dependencies = (
				BF7209CF2B5F8BCE001D76CB /* PBXTargetDependency */,
			);
			name = "Wetox-iOSTests";
			productName = "Wetox-iOSTests";
			productReference = BF7209CD2B5F8BCE001D76CB /* Wetox-iOSTests.xctest */;
			productType = "com.apple.product-type.bundle.unit-test";
		};
		BF7209D62B5F8BCE001D76CB /* Wetox-iOSUITests */ = {
			isa = PBXNativeTarget;
			buildConfigurationList = BF7209E72B5F8BCE001D76CB /* Build configuration list for PBXNativeTarget "Wetox-iOSUITests" */;
			buildPhases = (
				BF7209D32B5F8BCE001D76CB /* Sources */,
				BF7209D42B5F8BCE001D76CB /* Frameworks */,
				BF7209D52B5F8BCE001D76CB /* Resources */,
			);
			buildRules = (
			);
			dependencies = (
				BF7209D92B5F8BCE001D76CB /* PBXTargetDependency */,
			);
			name = "Wetox-iOSUITests";
			productName = "Wetox-iOSUITests";
			productReference = BF7209D72B5F8BCE001D76CB /* Wetox-iOSUITests.xctest */;
			productType = "com.apple.product-type.bundle.ui-testing";
		};
/* End PBXNativeTarget section */

/* Begin PBXProject section */
		BF7209AF2B5F8BCB001D76CB /* Project object */ = {
			isa = PBXProject;
			attributes = {
				BuildIndependentTargetsInParallel = 1;
				LastSwiftUpdateCheck = 1520;
				LastUpgradeCheck = 1520;
				TargetAttributes = {
					BF7209B62B5F8BCB001D76CB = {
						CreatedOnToolsVersion = 15.2;
					};
					BF7209CC2B5F8BCE001D76CB = {
						CreatedOnToolsVersion = 15.2;
						TestTargetID = BF7209B62B5F8BCB001D76CB;
					};
					BF7209D62B5F8BCE001D76CB = {
						CreatedOnToolsVersion = 15.2;
						TestTargetID = BF7209B62B5F8BCB001D76CB;
					};
				};
			};
			buildConfigurationList = BF7209B22B5F8BCB001D76CB /* Build configuration list for PBXProject "Wetox-iOS" */;
			compatibilityVersion = "Xcode 15.0";
			developmentRegion = en;
			hasScannedForEncodings = 0;
			knownRegions = (
				en,
				Base,
			);
			mainGroup = BF7209AE2B5F8BCB001D76CB;
			packageReferences = (
				BF7209F12B5F9221001D76CB /* XCRemoteSwiftPackageReference "SnapKit" */,
				BF7209F82B5F928D001D76CB /* XCRemoteSwiftPackageReference "RxSwift" */,
				552FE1752B611C1000A4F568 /* XCRemoteSwiftPackageReference "kakao-ios-sdk" */,
				55A777612B66262C007FAEBF /* XCRemoteSwiftPackageReference "Moya" */,
				55F42F732B72358800ECDA2E /* XCRemoteSwiftPackageReference "firebase-ios-sdk" */,
			);
			productRefGroup = BF7209B82B5F8BCB001D76CB /* Products */;
			projectDirPath = "";
			projectRoot = "";
			targets = (
				BF7209B62B5F8BCB001D76CB /* Wetox-iOS */,
				BF7209CC2B5F8BCE001D76CB /* Wetox-iOSTests */,
				BF7209D62B5F8BCE001D76CB /* Wetox-iOSUITests */,
			);
		};
/* End PBXProject section */

/* Begin PBXResourcesBuildPhase section */
		BF7209B52B5F8BCB001D76CB /* Resources */ = {
			isa = PBXResourcesBuildPhase;
			buildActionMask = 2147483647;
			files = (
				55F42F722B72347800ECDA2E /* GoogleService-Info.plist in Resources */,
				BF7209C72B5F8BCD001D76CB /* LaunchScreen.storyboard in Resources */,
				BF7209C42B5F8BCD001D76CB /* Assets.xcassets in Resources */,
			);
			runOnlyForDeploymentPostprocessing = 0;
		};
		BF7209CB2B5F8BCE001D76CB /* Resources */ = {
			isa = PBXResourcesBuildPhase;
			buildActionMask = 2147483647;
			files = (
			);
			runOnlyForDeploymentPostprocessing = 0;
		};
		BF7209D52B5F8BCE001D76CB /* Resources */ = {
			isa = PBXResourcesBuildPhase;
			buildActionMask = 2147483647;
			files = (
			);
			runOnlyForDeploymentPostprocessing = 0;
		};
/* End PBXResourcesBuildPhase section */

/* Begin PBXSourcesBuildPhase section */
		BF7209B32B5F8BCB001D76CB /* Sources */ = {
			isa = PBXSourcesBuildPhase;
			buildActionMask = 2147483647;
			files = (
				BF7181F62B7F426800ACEA0D /* DailyView.swift in Sources */,
				BF7181E92B7E2B7E00ACEA0D /* BadgeView.swift in Sources */,
				BF7181EB2B7E2ECF00ACEA0D /* BadgeCollectionViewCell.swift in Sources */,
				BF7209EE2B5F8CB6001D76CB /* Label+Extension.swift in Sources */,
				5514CE5E2B65F719006B2700 /* AuthAPI.swift in Sources */,
				554F27472B6391D80050B6D9 /* RegisterRequest.swift in Sources */,
				BF7209F52B5F923F001D76CB /* FriendsCollectionViewCell.swift in Sources */,
				55EC6D872B7DFC8A0018128D /* FriendshipAPI.swift in Sources */,
				BF8DA3282B860691001957C2 /* BadgeViewModel.swift in Sources */,
				554F27432B63908E0050B6D9 /* TokenResponse.swift in Sources */,
				BF7209F02B5F8CCB001D76CB /* Color+Extension.swift in Sources */,
				BFB317AC2B6693A4007F0A9A /* View+Extension.swift in Sources */,
				552FE1742B6118DE00A4F568 /* ProfileSettingViewContorller.swift in Sources */,
				55BD1F2B2B8203A6009601AC /* NicknameSearchRequest.swift in Sources */,
				556AA2D02B6A3B2B00F2AE79 /* TextField+Extension.swift in Sources */,
				55EC6D892B7E07CB0018128D /* requestFriendshipResponse.swift in Sources */,
				55EC6D912B7E10A70018128D /* AlertViewController.swift in Sources */,
				BF7181D12B7358CA00ACEA0D /* CategoryDurationRequest.swift in Sources */,
				BF7181D82B74A13100ACEA0D /* ScreenTimeAPI.swift in Sources */,
				BF7181E42B7A2F8900ACEA0D /* UserResponse.swift in Sources */,
				55EC6D8B2B7E07DA0018128D /* acceptFriendshipResponse.swift in Sources */,
				BF0EBDDF2B6529D000AEF19D /* AppDelegate.swift in Sources */,
				55BD1F2D2B8203CB009601AC /* NicknameSearchResponse.swift in Sources */,
				BF7181E62B7B56D600ACEA0D /* DateFormatter+Extension.swift in Sources */,
				BF7181D62B74A0F800ACEA0D /* CategoryDurationResponse.swift in Sources */,
				BFB317A82B666962007F0A9A /* ScreenTimeInputViewModel.swift in Sources */,
				BFB317A52B6666AF007F0A9A /* TimeConverter.swift in Sources */,
				55A097A72B7CC6B400F1D43E /* NetworkErrorUtils.swift in Sources */,
				55EC6D8D2B7E07E50018128D /* getFriendsListResponse.swift in Sources */,
				BF7181F42B7F11EA00ACEA0D /* RootViewController.swift in Sources */,
				BFB317A32B665744007F0A9A /* StrokeLabel.swift in Sources */,
				BF7181DF2B7A2EBB00ACEA0D /* UserAPI.swift in Sources */,
				558601982B6629A6007EA357 /* Const.swift in Sources */,
				55EC6D8F2B7E07F10018128D /* getFriendRequestsListResponse.swift in Sources */,
				554412902B608CA9001B8CBA /* LoginViewController.swift in Sources */,
				BF8DA3212B85E595001957C2 /* BadgeAPI.swift in Sources */,
				55EC6D852B7DFC7E0018128D /* FriendshipService.swift in Sources */,
				5514CE642B65F891006B2700 /* MoyaLoggerPlugin.swift in Sources */,
				BF7181DD2B7A2EB300ACEA0D /* UserService.swift in Sources */,
				BF7209F72B5F926B001D76CB /* CircularProgressBar.swift in Sources */,
				BFB317AA2B669358007F0A9A /* BottomSheetView.swift in Sources */,
				BF461DEB2B80ADEE00B3C2A2 /* BadgeStatesEnums.swift in Sources */,
				BF7209BD2B5F8BCB001D76CB /* SceneDelegate.swift in Sources */,
				554F27492B6391E20050B6D9 /* RegisterResponse.swift in Sources */,
				55EC6D812B7DE8530018128D /* FriendshipViewController.swift in Sources */,
				BF7181DA2B78E4DD00ACEA0D /* MainViewModel.swift in Sources */,
				BF8DA31F2B85E520001957C2 /* BadgeService.swift in Sources */,
				BF7181D42B749EC400ACEA0D /* ScreenTimeService.swift in Sources */,
				BF8DA3262B85FF7E001957C2 /* BadgeResponse.swift in Sources */,
				557F3EA22B60983A007C7247 /* Button+Extension.swift in Sources */,
				554F27412B638EE60050B6D9 /* TokenRequest.swift in Sources */,
				5514CE602B65F721006B2700 /* AuthService.swift in Sources */,
				BF2FE0262B64CBC9009C3C73 /* ScreenTime.swift in Sources */,
				BF2FE0242B64C742009C3C73 /* Constants.swift in Sources */,
				BF6B12DC2B64B9170031165E /* ScreenTimeInputViewController.swift in Sources */,
				BF6B12DE2B64B9B40031165E /* CustomUISlider.swift in Sources */,
			);
			runOnlyForDeploymentPostprocessing = 0;
		};
		BF7209C92B5F8BCE001D76CB /* Sources */ = {
			isa = PBXSourcesBuildPhase;
			buildActionMask = 2147483647;
			files = (
				BF7209D22B5F8BCE001D76CB /* Wetox_iOSTests.swift in Sources */,
			);
			runOnlyForDeploymentPostprocessing = 0;
		};
		BF7209D32B5F8BCE001D76CB /* Sources */ = {
			isa = PBXSourcesBuildPhase;
			buildActionMask = 2147483647;
			files = (
				BF7209DE2B5F8BCE001D76CB /* Wetox_iOSUITestsLaunchTests.swift in Sources */,
				BF7209DC2B5F8BCE001D76CB /* Wetox_iOSUITests.swift in Sources */,
			);
			runOnlyForDeploymentPostprocessing = 0;
		};
/* End PBXSourcesBuildPhase section */

/* Begin PBXTargetDependency section */
		BF7209CF2B5F8BCE001D76CB /* PBXTargetDependency */ = {
			isa = PBXTargetDependency;
			target = BF7209B62B5F8BCB001D76CB /* Wetox-iOS */;
			targetProxy = BF7209CE2B5F8BCE001D76CB /* PBXContainerItemProxy */;
		};
		BF7209D92B5F8BCE001D76CB /* PBXTargetDependency */ = {
			isa = PBXTargetDependency;
			target = BF7209B62B5F8BCB001D76CB /* Wetox-iOS */;
			targetProxy = BF7209D82B5F8BCE001D76CB /* PBXContainerItemProxy */;
		};
/* End PBXTargetDependency section */

/* Begin PBXVariantGroup section */
		BF7209C52B5F8BCD001D76CB /* LaunchScreen.storyboard */ = {
			isa = PBXVariantGroup;
			children = (
				BF7209C62B5F8BCD001D76CB /* Base */,
			);
			name = LaunchScreen.storyboard;
			sourceTree = "<group>";
		};
/* End PBXVariantGroup section */

/* Begin XCBuildConfiguration section */
		BF7209DF2B5F8BCE001D76CB /* Debug */ = {
			isa = XCBuildConfiguration;
			buildSettings = {
				ALWAYS_SEARCH_USER_PATHS = NO;
				ASSETCATALOG_COMPILER_GENERATE_SWIFT_ASSET_SYMBOL_EXTENSIONS = YES;
				CLANG_ANALYZER_NONNULL = YES;
				CLANG_ANALYZER_NUMBER_OBJECT_CONVERSION = YES_AGGRESSIVE;
				CLANG_CXX_LANGUAGE_STANDARD = "gnu++20";
				CLANG_ENABLE_MODULES = YES;
				CLANG_ENABLE_OBJC_ARC = YES;
				CLANG_ENABLE_OBJC_WEAK = YES;
				CLANG_WARN_BLOCK_CAPTURE_AUTORELEASING = YES;
				CLANG_WARN_BOOL_CONVERSION = YES;
				CLANG_WARN_COMMA = YES;
				CLANG_WARN_CONSTANT_CONVERSION = YES;
				CLANG_WARN_DEPRECATED_OBJC_IMPLEMENTATIONS = YES;
				CLANG_WARN_DIRECT_OBJC_ISA_USAGE = YES_ERROR;
				CLANG_WARN_DOCUMENTATION_COMMENTS = YES;
				CLANG_WARN_EMPTY_BODY = YES;
				CLANG_WARN_ENUM_CONVERSION = YES;
				CLANG_WARN_INFINITE_RECURSION = YES;
				CLANG_WARN_INT_CONVERSION = YES;
				CLANG_WARN_NON_LITERAL_NULL_CONVERSION = YES;
				CLANG_WARN_OBJC_IMPLICIT_RETAIN_SELF = YES;
				CLANG_WARN_OBJC_LITERAL_CONVERSION = YES;
				CLANG_WARN_OBJC_ROOT_CLASS = YES_ERROR;
				CLANG_WARN_QUOTED_INCLUDE_IN_FRAMEWORK_HEADER = YES;
				CLANG_WARN_RANGE_LOOP_ANALYSIS = YES;
				CLANG_WARN_STRICT_PROTOTYPES = YES;
				CLANG_WARN_SUSPICIOUS_MOVE = YES;
				CLANG_WARN_UNGUARDED_AVAILABILITY = YES_AGGRESSIVE;
				CLANG_WARN_UNREACHABLE_CODE = YES;
				CLANG_WARN__DUPLICATE_METHOD_MATCH = YES;
				COPY_PHASE_STRIP = NO;
				DEBUG_INFORMATION_FORMAT = dwarf;
				ENABLE_STRICT_OBJC_MSGSEND = YES;
				ENABLE_TESTABILITY = YES;
				ENABLE_USER_SCRIPT_SANDBOXING = YES;
				GCC_C_LANGUAGE_STANDARD = gnu17;
				GCC_DYNAMIC_NO_PIC = NO;
				GCC_NO_COMMON_BLOCKS = YES;
				GCC_OPTIMIZATION_LEVEL = 0;
				GCC_PREPROCESSOR_DEFINITIONS = (
					"DEBUG=1",
					"$(inherited)",
				);
				GCC_WARN_64_TO_32_BIT_CONVERSION = YES;
				GCC_WARN_ABOUT_RETURN_TYPE = YES_ERROR;
				GCC_WARN_UNDECLARED_SELECTOR = YES;
				GCC_WARN_UNINITIALIZED_AUTOS = YES_AGGRESSIVE;
				GCC_WARN_UNUSED_FUNCTION = YES;
				GCC_WARN_UNUSED_VARIABLE = YES;
				IPHONEOS_DEPLOYMENT_TARGET = 16.0;
				LOCALIZATION_PREFERS_STRING_CATALOGS = YES;
				MTL_ENABLE_DEBUG_INFO = INCLUDE_SOURCE;
				MTL_FAST_MATH = YES;
				ONLY_ACTIVE_ARCH = YES;
				SDKROOT = iphoneos;
				SWIFT_ACTIVE_COMPILATION_CONDITIONS = "DEBUG $(inherited)";
				SWIFT_OPTIMIZATION_LEVEL = "-Onone";
			};
			name = Debug;
		};
		BF7209E02B5F8BCE001D76CB /* Release */ = {
			isa = XCBuildConfiguration;
			buildSettings = {
				ALWAYS_SEARCH_USER_PATHS = NO;
				ASSETCATALOG_COMPILER_GENERATE_SWIFT_ASSET_SYMBOL_EXTENSIONS = YES;
				CLANG_ANALYZER_NONNULL = YES;
				CLANG_ANALYZER_NUMBER_OBJECT_CONVERSION = YES_AGGRESSIVE;
				CLANG_CXX_LANGUAGE_STANDARD = "gnu++20";
				CLANG_ENABLE_MODULES = YES;
				CLANG_ENABLE_OBJC_ARC = YES;
				CLANG_ENABLE_OBJC_WEAK = YES;
				CLANG_WARN_BLOCK_CAPTURE_AUTORELEASING = YES;
				CLANG_WARN_BOOL_CONVERSION = YES;
				CLANG_WARN_COMMA = YES;
				CLANG_WARN_CONSTANT_CONVERSION = YES;
				CLANG_WARN_DEPRECATED_OBJC_IMPLEMENTATIONS = YES;
				CLANG_WARN_DIRECT_OBJC_ISA_USAGE = YES_ERROR;
				CLANG_WARN_DOCUMENTATION_COMMENTS = YES;
				CLANG_WARN_EMPTY_BODY = YES;
				CLANG_WARN_ENUM_CONVERSION = YES;
				CLANG_WARN_INFINITE_RECURSION = YES;
				CLANG_WARN_INT_CONVERSION = YES;
				CLANG_WARN_NON_LITERAL_NULL_CONVERSION = YES;
				CLANG_WARN_OBJC_IMPLICIT_RETAIN_SELF = YES;
				CLANG_WARN_OBJC_LITERAL_CONVERSION = YES;
				CLANG_WARN_OBJC_ROOT_CLASS = YES_ERROR;
				CLANG_WARN_QUOTED_INCLUDE_IN_FRAMEWORK_HEADER = YES;
				CLANG_WARN_RANGE_LOOP_ANALYSIS = YES;
				CLANG_WARN_STRICT_PROTOTYPES = YES;
				CLANG_WARN_SUSPICIOUS_MOVE = YES;
				CLANG_WARN_UNGUARDED_AVAILABILITY = YES_AGGRESSIVE;
				CLANG_WARN_UNREACHABLE_CODE = YES;
				CLANG_WARN__DUPLICATE_METHOD_MATCH = YES;
				COPY_PHASE_STRIP = NO;
				DEBUG_INFORMATION_FORMAT = "dwarf-with-dsym";
				ENABLE_NS_ASSERTIONS = NO;
				ENABLE_STRICT_OBJC_MSGSEND = YES;
				ENABLE_USER_SCRIPT_SANDBOXING = YES;
				GCC_C_LANGUAGE_STANDARD = gnu17;
				GCC_NO_COMMON_BLOCKS = YES;
				GCC_WARN_64_TO_32_BIT_CONVERSION = YES;
				GCC_WARN_ABOUT_RETURN_TYPE = YES_ERROR;
				GCC_WARN_UNDECLARED_SELECTOR = YES;
				GCC_WARN_UNINITIALIZED_AUTOS = YES_AGGRESSIVE;
				GCC_WARN_UNUSED_FUNCTION = YES;
				GCC_WARN_UNUSED_VARIABLE = YES;
				IPHONEOS_DEPLOYMENT_TARGET = 16.0;
				LOCALIZATION_PREFERS_STRING_CATALOGS = YES;
				MTL_ENABLE_DEBUG_INFO = NO;
				MTL_FAST_MATH = YES;
				SDKROOT = iphoneos;
				SWIFT_COMPILATION_MODE = wholemodule;
				VALIDATE_PRODUCT = YES;
			};
			name = Release;
		};
		BF7209E22B5F8BCE001D76CB /* Debug */ = {
			isa = XCBuildConfiguration;
			buildSettings = {
				ASSETCATALOG_COMPILER_APPICON_NAME = AppIcon;
				ASSETCATALOG_COMPILER_GLOBAL_ACCENT_COLOR_NAME = AccentColor;
				ASSETCATALOG_COMPILER_INCLUDE_ALL_APPICON_ASSETS = NO;
				CODE_SIGN_ENTITLEMENTS = "Wetox-iOS/Wetox-iOS.entitlements";
				CODE_SIGN_STYLE = Automatic;
				CURRENT_PROJECT_VERSION = 1;
				DEVELOPMENT_TEAM = D9CAJN27UH;
				GENERATE_INFOPLIST_FILE = YES;
				INFOPLIST_FILE = "Wetox-iOS/Info.plist";
				INFOPLIST_KEY_UIApplicationSupportsIndirectInputEvents = YES;
				INFOPLIST_KEY_UILaunchStoryboardName = LaunchScreen;
				INFOPLIST_KEY_UIMainStoryboardFile = "";
				INFOPLIST_KEY_UISupportedInterfaceOrientations_iPad = "UIInterfaceOrientationPortrait UIInterfaceOrientationPortraitUpsideDown UIInterfaceOrientationLandscapeLeft UIInterfaceOrientationLandscapeRight";
				INFOPLIST_KEY_UISupportedInterfaceOrientations_iPhone = "UIInterfaceOrientationPortrait UIInterfaceOrientationLandscapeLeft UIInterfaceOrientationLandscapeRight";
				IPHONEOS_DEPLOYMENT_TARGET = 16.0;
				LD_RUNPATH_SEARCH_PATHS = (
					"$(inherited)",
					"@executable_path/Frameworks",
				);
				MARKETING_VERSION = 1.0;
				PRODUCT_BUNDLE_IDENTIFIER = com.wetox.we;
				PRODUCT_NAME = "$(TARGET_NAME)";
				SWIFT_EMIT_LOC_STRINGS = YES;
				SWIFT_VERSION = 5.0;
				TARGETED_DEVICE_FAMILY = "1,2";
			};
			name = Debug;
		};
		BF7209E32B5F8BCE001D76CB /* Release */ = {
			isa = XCBuildConfiguration;
			buildSettings = {
				ASSETCATALOG_COMPILER_APPICON_NAME = AppIcon;
				ASSETCATALOG_COMPILER_GLOBAL_ACCENT_COLOR_NAME = AccentColor;
				ASSETCATALOG_COMPILER_INCLUDE_ALL_APPICON_ASSETS = NO;
				CODE_SIGN_ENTITLEMENTS = "Wetox-iOS/Wetox-iOS.entitlements";
				CODE_SIGN_STYLE = Automatic;
				CURRENT_PROJECT_VERSION = 1;
				DEVELOPMENT_TEAM = D9CAJN27UH;
				GENERATE_INFOPLIST_FILE = YES;
				INFOPLIST_FILE = "Wetox-iOS/Info.plist";
				INFOPLIST_KEY_UIApplicationSupportsIndirectInputEvents = YES;
				INFOPLIST_KEY_UILaunchStoryboardName = LaunchScreen;
				INFOPLIST_KEY_UIMainStoryboardFile = "";
				INFOPLIST_KEY_UISupportedInterfaceOrientations_iPad = "UIInterfaceOrientationPortrait UIInterfaceOrientationPortraitUpsideDown UIInterfaceOrientationLandscapeLeft UIInterfaceOrientationLandscapeRight";
				INFOPLIST_KEY_UISupportedInterfaceOrientations_iPhone = "UIInterfaceOrientationPortrait UIInterfaceOrientationLandscapeLeft UIInterfaceOrientationLandscapeRight";
				IPHONEOS_DEPLOYMENT_TARGET = 16.0;
				LD_RUNPATH_SEARCH_PATHS = (
					"$(inherited)",
					"@executable_path/Frameworks",
				);
				MARKETING_VERSION = 1.0;
				PRODUCT_BUNDLE_IDENTIFIER = com.wetox.we;
				PRODUCT_NAME = "$(TARGET_NAME)";
				SWIFT_EMIT_LOC_STRINGS = YES;
				SWIFT_VERSION = 5.0;
				TARGETED_DEVICE_FAMILY = "1,2";
			};
			name = Release;
		};
		BF7209E52B5F8BCE001D76CB /* Debug */ = {
			isa = XCBuildConfiguration;
			buildSettings = {
				ALWAYS_EMBED_SWIFT_STANDARD_LIBRARIES = YES;
				BUNDLE_LOADER = "$(TEST_HOST)";
				CODE_SIGN_STYLE = Automatic;
				CURRENT_PROJECT_VERSION = 1;
				DEVELOPMENT_TEAM = D9CAJN27UH;
				GENERATE_INFOPLIST_FILE = YES;
				IPHONEOS_DEPLOYMENT_TARGET = 17.2;
				MARKETING_VERSION = 1.0;
				PRODUCT_BUNDLE_IDENTIFIER = com.wetox.Tests;
				PRODUCT_NAME = "$(TARGET_NAME)";
				SWIFT_EMIT_LOC_STRINGS = NO;
				SWIFT_VERSION = 5.0;
				TARGETED_DEVICE_FAMILY = "1,2";
				TEST_HOST = "$(BUILT_PRODUCTS_DIR)/Wetox-iOS.app/$(BUNDLE_EXECUTABLE_FOLDER_PATH)/Wetox-iOS";
			};
			name = Debug;
		};
		BF7209E62B5F8BCE001D76CB /* Release */ = {
			isa = XCBuildConfiguration;
			buildSettings = {
				ALWAYS_EMBED_SWIFT_STANDARD_LIBRARIES = YES;
				BUNDLE_LOADER = "$(TEST_HOST)";
				CODE_SIGN_STYLE = Automatic;
				CURRENT_PROJECT_VERSION = 1;
				DEVELOPMENT_TEAM = D9CAJN27UH;
				GENERATE_INFOPLIST_FILE = YES;
				IPHONEOS_DEPLOYMENT_TARGET = 17.2;
				MARKETING_VERSION = 1.0;
				PRODUCT_BUNDLE_IDENTIFIER = com.wetox.Tests;
				PRODUCT_NAME = "$(TARGET_NAME)";
				SWIFT_EMIT_LOC_STRINGS = NO;
				SWIFT_VERSION = 5.0;
				TARGETED_DEVICE_FAMILY = "1,2";
				TEST_HOST = "$(BUILT_PRODUCTS_DIR)/Wetox-iOS.app/$(BUNDLE_EXECUTABLE_FOLDER_PATH)/Wetox-iOS";
			};
			name = Release;
		};
		BF7209E82B5F8BCE001D76CB /* Debug */ = {
			isa = XCBuildConfiguration;
			buildSettings = {
				ALWAYS_EMBED_SWIFT_STANDARD_LIBRARIES = YES;
				CODE_SIGN_STYLE = Automatic;
				CURRENT_PROJECT_VERSION = 1;
				DEVELOPMENT_TEAM = D9CAJN27UH;
				GENERATE_INFOPLIST_FILE = YES;
				MARKETING_VERSION = 1.0;
				PRODUCT_BUNDLE_IDENTIFIER = com.wetox.UITests;
				PRODUCT_NAME = "$(TARGET_NAME)";
				SWIFT_EMIT_LOC_STRINGS = NO;
				SWIFT_VERSION = 5.0;
				TARGETED_DEVICE_FAMILY = "1,2";
				TEST_TARGET_NAME = "Wetox-iOS";
			};
			name = Debug;
		};
		BF7209E92B5F8BCE001D76CB /* Release */ = {
			isa = XCBuildConfiguration;
			buildSettings = {
				ALWAYS_EMBED_SWIFT_STANDARD_LIBRARIES = YES;
				CODE_SIGN_STYLE = Automatic;
				CURRENT_PROJECT_VERSION = 1;
				DEVELOPMENT_TEAM = D9CAJN27UH;
				GENERATE_INFOPLIST_FILE = YES;
				MARKETING_VERSION = 1.0;
				PRODUCT_BUNDLE_IDENTIFIER = com.wetox.UITests;
				PRODUCT_NAME = "$(TARGET_NAME)";
				SWIFT_EMIT_LOC_STRINGS = NO;
				SWIFT_VERSION = 5.0;
				TARGETED_DEVICE_FAMILY = "1,2";
				TEST_TARGET_NAME = "Wetox-iOS";
			};
			name = Release;
		};
/* End XCBuildConfiguration section */

/* Begin XCConfigurationList section */
		BF7209B22B5F8BCB001D76CB /* Build configuration list for PBXProject "Wetox-iOS" */ = {
			isa = XCConfigurationList;
			buildConfigurations = (
				BF7209DF2B5F8BCE001D76CB /* Debug */,
				BF7209E02B5F8BCE001D76CB /* Release */,
			);
			defaultConfigurationIsVisible = 0;
			defaultConfigurationName = Release;
		};
		BF7209E12B5F8BCE001D76CB /* Build configuration list for PBXNativeTarget "Wetox-iOS" */ = {
			isa = XCConfigurationList;
			buildConfigurations = (
				BF7209E22B5F8BCE001D76CB /* Debug */,
				BF7209E32B5F8BCE001D76CB /* Release */,
			);
			defaultConfigurationIsVisible = 0;
			defaultConfigurationName = Release;
		};
		BF7209E42B5F8BCE001D76CB /* Build configuration list for PBXNativeTarget "Wetox-iOSTests" */ = {
			isa = XCConfigurationList;
			buildConfigurations = (
				BF7209E52B5F8BCE001D76CB /* Debug */,
				BF7209E62B5F8BCE001D76CB /* Release */,
			);
			defaultConfigurationIsVisible = 0;
			defaultConfigurationName = Release;
		};
		BF7209E72B5F8BCE001D76CB /* Build configuration list for PBXNativeTarget "Wetox-iOSUITests" */ = {
			isa = XCConfigurationList;
			buildConfigurations = (
				BF7209E82B5F8BCE001D76CB /* Debug */,
				BF7209E92B5F8BCE001D76CB /* Release */,
			);
			defaultConfigurationIsVisible = 0;
			defaultConfigurationName = Release;
		};
/* End XCConfigurationList section */

/* Begin XCRemoteSwiftPackageReference section */
		552FE1752B611C1000A4F568 /* XCRemoteSwiftPackageReference "kakao-ios-sdk" */ = {
			isa = XCRemoteSwiftPackageReference;
			repositoryURL = "https://github.com/kakao/kakao-ios-sdk";
			requirement = {
				kind = upToNextMajorVersion;
				minimumVersion = 2.20.0;
			};
		};
		55A777612B66262C007FAEBF /* XCRemoteSwiftPackageReference "Moya" */ = {
			isa = XCRemoteSwiftPackageReference;
			repositoryURL = "https://github.com/Moya/Moya.git";
			requirement = {
				kind = upToNextMajorVersion;
				minimumVersion = 15.0.3;
			};
		};
		55F42F732B72358800ECDA2E /* XCRemoteSwiftPackageReference "firebase-ios-sdk" */ = {
			isa = XCRemoteSwiftPackageReference;
			repositoryURL = "https://github.com/firebase/firebase-ios-sdk.git";
			requirement = {
				kind = upToNextMajorVersion;
				minimumVersion = 10.20.0;
			};
		};
		BF7209F12B5F9221001D76CB /* XCRemoteSwiftPackageReference "SnapKit" */ = {
			isa = XCRemoteSwiftPackageReference;
			repositoryURL = "https://github.com/SnapKit/SnapKit.git";
			requirement = {
				kind = upToNextMajorVersion;
				minimumVersion = 5.7.0;
			};
		};
		BF7209F82B5F928D001D76CB /* XCRemoteSwiftPackageReference "RxSwift" */ = {
			isa = XCRemoteSwiftPackageReference;
			repositoryURL = "https://github.com/ReactiveX/RxSwift";
			requirement = {
				kind = upToNextMajorVersion;
				minimumVersion = 6.6.0;
			};
		};
/* End XCRemoteSwiftPackageReference section */

/* Begin XCSwiftPackageProductDependency section */
		552FE1762B611C1000A4F568 /* KakaoSDK */ = {
			isa = XCSwiftPackageProductDependency;
			package = 552FE1752B611C1000A4F568 /* XCRemoteSwiftPackageReference "kakao-ios-sdk" */;
			productName = KakaoSDK;
		};
		552FE1782B611C1000A4F568 /* KakaoSDKAuth */ = {
			isa = XCSwiftPackageProductDependency;
			package = 552FE1752B611C1000A4F568 /* XCRemoteSwiftPackageReference "kakao-ios-sdk" */;
			productName = KakaoSDKAuth;
		};
		552FE17A2B611C1000A4F568 /* KakaoSDKUser */ = {
			isa = XCSwiftPackageProductDependency;
			package = 552FE1752B611C1000A4F568 /* XCRemoteSwiftPackageReference "kakao-ios-sdk" */;
			productName = KakaoSDKUser;
		};
		55A777622B66262C007FAEBF /* CombineMoya */ = {
			isa = XCSwiftPackageProductDependency;
			package = 55A777612B66262C007FAEBF /* XCRemoteSwiftPackageReference "Moya" */;
			productName = CombineMoya;
		};
		55A777642B66262C007FAEBF /* Moya */ = {
			isa = XCSwiftPackageProductDependency;
			package = 55A777612B66262C007FAEBF /* XCRemoteSwiftPackageReference "Moya" */;
			productName = Moya;
		};
		55A777662B66262C007FAEBF /* ReactiveMoya */ = {
			isa = XCSwiftPackageProductDependency;
			package = 55A777612B66262C007FAEBF /* XCRemoteSwiftPackageReference "Moya" */;
			productName = ReactiveMoya;
		};
		55A777682B66262C007FAEBF /* RxMoya */ = {
			isa = XCSwiftPackageProductDependency;
			package = 55A777612B66262C007FAEBF /* XCRemoteSwiftPackageReference "Moya" */;
			productName = RxMoya;
		};
		55F42F742B7235B800ECDA2E /* FirebaseMessaging */ = {
			isa = XCSwiftPackageProductDependency;
			package = 55F42F732B72358800ECDA2E /* XCRemoteSwiftPackageReference "firebase-ios-sdk" */;
			productName = FirebaseMessaging;
		};
		BF7209F22B5F9221001D76CB /* SnapKit */ = {
			isa = XCSwiftPackageProductDependency;
			package = BF7209F12B5F9221001D76CB /* XCRemoteSwiftPackageReference "SnapKit" */;
			productName = SnapKit;
		};
		BF7209F92B5F928D001D76CB /* RxCocoa */ = {
			isa = XCSwiftPackageProductDependency;
			package = BF7209F82B5F928D001D76CB /* XCRemoteSwiftPackageReference "RxSwift" */;
			productName = RxCocoa;
		};
		BF7209FB2B5F928D001D76CB /* RxRelay */ = {
			isa = XCSwiftPackageProductDependency;
			package = BF7209F82B5F928D001D76CB /* XCRemoteSwiftPackageReference "RxSwift" */;
			productName = RxRelay;
		};
		BF7209FD2B5F928D001D76CB /* RxSwift */ = {
			isa = XCSwiftPackageProductDependency;
			package = BF7209F82B5F928D001D76CB /* XCRemoteSwiftPackageReference "RxSwift" */;
			productName = RxSwift;
		};
/* End XCSwiftPackageProductDependency section */
	};
	rootObject = BF7209AF2B5F8BCB001D76CB /* Project object */;
}
